// !$*UTF8*$!
{
	archiveVersion = 1;
	classes = {
	};
	objectVersion = 52;
	objects = {

/* Begin PBXBuildFile section */
		E223B7AF2510E43300060B16 /* Rswift in Frameworks */ = {isa = PBXBuildFile; productRef = E223B7AE2510E43300060B16 /* Rswift */; };
		E243EF952510DF9100DC653F /* RswiftUIApp.swift in Sources */ = {isa = PBXBuildFile; fileRef = E243EF942510DF9100DC653F /* RswiftUIApp.swift */; };
		E243EF972510DF9100DC653F /* ContentView.swift in Sources */ = {isa = PBXBuildFile; fileRef = E243EF962510DF9100DC653F /* ContentView.swift */; };
		E243EF992510DF9200DC653F /* Assets.xcassets in Resources */ = {isa = PBXBuildFile; fileRef = E243EF982510DF9200DC653F /* Assets.xcassets */; };
		E243EF9C2510DF9200DC653F /* Preview Assets.xcassets in Resources */ = {isa = PBXBuildFile; fileRef = E243EF9B2510DF9200DC653F /* Preview Assets.xcassets */; };
		E243EFB02510E08D00DC653F /* RswiftUIAppClipApp.swift in Sources */ = {isa = PBXBuildFile; fileRef = E243EFAF2510E08D00DC653F /* RswiftUIAppClipApp.swift */; };
		E243EFB22510E08D00DC653F /* ContentView.swift in Sources */ = {isa = PBXBuildFile; fileRef = E243EFB12510E08D00DC653F /* ContentView.swift */; };
		E243EFB42510E08E00DC653F /* ClipAssets.xcassets in Resources */ = {isa = PBXBuildFile; fileRef = E243EFB32510E08E00DC653F /* ClipAssets.xcassets */; };
		E243EFB72510E08E00DC653F /* Preview Assets.xcassets in Resources */ = {isa = PBXBuildFile; fileRef = E243EFB62510E08E00DC653F /* Preview Assets.xcassets */; };
		E243EFBC2510E08E00DC653F /* RswiftUIAppClip.app in Embed App Clips */ = {isa = PBXBuildFile; fileRef = E243EFAD2510E08D00DC653F /* RswiftUIAppClip.app */; settings = {ATTRIBUTES = (RemoveHeadersOnCopy, ); }; };
		E2CD1B072510EFE0000ACEFB /* R.generated.swift in Sources */ = {isa = PBXBuildFile; fileRef = E2CD1B062510EFE0000ACEFB /* R.generated.swift */; };
		E2CD1B092510EFF8000ACEFB /* R.generated.swift in Sources */ = {isa = PBXBuildFile; fileRef = E2CD1B082510EFF8000ACEFB /* R.generated.swift */; };
		E2CD1B0B2510F8A4000ACEFB /* Rswift in Frameworks */ = {isa = PBXBuildFile; productRef = E2CD1B0A2510F8A4000ACEFB /* Rswift */; };
		E2CD1B0C2510F900000ACEFB /* Assets.xcassets in Resources */ = {isa = PBXBuildFile; fileRef = E243EF982510DF9200DC653F /* Assets.xcassets */; };
/* End PBXBuildFile section */

/* Begin PBXContainerItemProxy section */
		E243EFBA2510E08E00DC653F /* PBXContainerItemProxy */ = {
			isa = PBXContainerItemProxy;
			containerPortal = E243EF892510DF9100DC653F /* Project object */;
			proxyType = 1;
			remoteGlobalIDString = E243EFAC2510E08D00DC653F;
			remoteInfo = RswiftUIAppClip;
		};
/* End PBXContainerItemProxy section */

/* Begin PBXCopyFilesBuildPhase section */
		E243EFBD2510E08E00DC653F /* Embed App Clips */ = {
			isa = PBXCopyFilesBuildPhase;
			buildActionMask = 2147483647;
			dstPath = "$(CONTENTS_FOLDER_PATH)/AppClips";
			dstSubfolderSpec = 16;
			files = (
				E243EFBC2510E08E00DC653F /* RswiftUIAppClip.app in Embed App Clips */,
			);
			name = "Embed App Clips";
			runOnlyForDeploymentPostprocessing = 0;
		};
/* End PBXCopyFilesBuildPhase section */

/* Begin PBXFileReference section */
		E243EF912510DF9100DC653F /* RswiftUI.app */ = {isa = PBXFileReference; explicitFileType = wrapper.application; includeInIndex = 0; path = RswiftUI.app; sourceTree = BUILT_PRODUCTS_DIR; };
		E243EF942510DF9100DC653F /* RswiftUIApp.swift */ = {isa = PBXFileReference; lastKnownFileType = sourcecode.swift; path = RswiftUIApp.swift; sourceTree = "<group>"; };
		E243EF962510DF9100DC653F /* ContentView.swift */ = {isa = PBXFileReference; lastKnownFileType = sourcecode.swift; path = ContentView.swift; sourceTree = "<group>"; };
		E243EF982510DF9200DC653F /* Assets.xcassets */ = {isa = PBXFileReference; lastKnownFileType = folder.assetcatalog; path = Assets.xcassets; sourceTree = "<group>"; };
		E243EF9B2510DF9200DC653F /* Preview Assets.xcassets */ = {isa = PBXFileReference; lastKnownFileType = folder.assetcatalog; path = "Preview Assets.xcassets"; sourceTree = "<group>"; };
		E243EF9D2510DF9200DC653F /* Info.plist */ = {isa = PBXFileReference; lastKnownFileType = text.plist.xml; path = Info.plist; sourceTree = "<group>"; };
		E243EFAD2510E08D00DC653F /* RswiftUIAppClip.app */ = {isa = PBXFileReference; explicitFileType = wrapper.application; includeInIndex = 0; path = RswiftUIAppClip.app; sourceTree = BUILT_PRODUCTS_DIR; };
		E243EFAF2510E08D00DC653F /* RswiftUIAppClipApp.swift */ = {isa = PBXFileReference; lastKnownFileType = sourcecode.swift; path = RswiftUIAppClipApp.swift; sourceTree = "<group>"; };
		E243EFB12510E08D00DC653F /* ContentView.swift */ = {isa = PBXFileReference; lastKnownFileType = sourcecode.swift; path = ContentView.swift; sourceTree = "<group>"; };
		E243EFB32510E08E00DC653F /* ClipAssets.xcassets */ = {isa = PBXFileReference; lastKnownFileType = folder.assetcatalog; path = ClipAssets.xcassets; sourceTree = "<group>"; };
		E243EFB62510E08E00DC653F /* Preview Assets.xcassets */ = {isa = PBXFileReference; lastKnownFileType = folder.assetcatalog; path = "Preview Assets.xcassets"; sourceTree = "<group>"; };
		E243EFB82510E08E00DC653F /* Info.plist */ = {isa = PBXFileReference; lastKnownFileType = text.plist.xml; path = Info.plist; sourceTree = "<group>"; };
		E243EFB92510E08E00DC653F /* RswiftUIAppClip.entitlements */ = {isa = PBXFileReference; lastKnownFileType = text.plist.entitlements; path = RswiftUIAppClip.entitlements; sourceTree = "<group>"; };
		E243EFC22510E0D900DC653F /* Rswift.framework */ = {isa = PBXFileReference; explicitFileType = wrapper.framework; path = Rswift.framework; sourceTree = BUILT_PRODUCTS_DIR; };
		E2CD1B062510EFE0000ACEFB /* R.generated.swift */ = {isa = PBXFileReference; fileEncoding = 4; lastKnownFileType = sourcecode.swift; path = R.generated.swift; sourceTree = "<group>"; };
		E2CD1B082510EFF8000ACEFB /* R.generated.swift */ = {isa = PBXFileReference; fileEncoding = 4; lastKnownFileType = sourcecode.swift; path = R.generated.swift; sourceTree = "<group>"; };
/* End PBXFileReference section */

/* Begin PBXFrameworksBuildPhase section */
		E243EF8E2510DF9100DC653F /* Frameworks */ = {
			isa = PBXFrameworksBuildPhase;
			buildActionMask = 2147483647;
			files = (
				E223B7AF2510E43300060B16 /* Rswift in Frameworks */,
			);
			runOnlyForDeploymentPostprocessing = 0;
		};
		E243EFAA2510E08D00DC653F /* Frameworks */ = {
			isa = PBXFrameworksBuildPhase;
			buildActionMask = 2147483647;
			files = (
				E2CD1B0B2510F8A4000ACEFB /* Rswift in Frameworks */,
			);
			runOnlyForDeploymentPostprocessing = 0;
		};
/* End PBXFrameworksBuildPhase section */

/* Begin PBXGroup section */
		E243EF882510DF9100DC653F = {
			isa = PBXGroup;
			children = (
				E243EF932510DF9100DC653F /* RswiftUI */,
				E243EFAE2510E08D00DC653F /* RswiftUIAppClip */,
				E243EF922510DF9100DC653F /* Products */,
				E243EFC12510E0D900DC653F /* Frameworks */,
			);
			sourceTree = "<group>";
		};
		E243EF922510DF9100DC653F /* Products */ = {
			isa = PBXGroup;
			children = (
				E243EF912510DF9100DC653F /* RswiftUI.app */,
				E243EFAD2510E08D00DC653F /* RswiftUIAppClip.app */,
			);
			name = Products;
			sourceTree = "<group>";
		};
		E243EF932510DF9100DC653F /* RswiftUI */ = {
			isa = PBXGroup;
			children = (
				E2CD1B062510EFE0000ACEFB /* R.generated.swift */,
				E243EF942510DF9100DC653F /* RswiftUIApp.swift */,
				E243EF962510DF9100DC653F /* ContentView.swift */,
				E243EF982510DF9200DC653F /* Assets.xcassets */,
				E243EF9D2510DF9200DC653F /* Info.plist */,
				E243EF9A2510DF9200DC653F /* Preview Content */,
			);
			path = RswiftUI;
			sourceTree = "<group>";
		};
		E243EF9A2510DF9200DC653F /* Preview Content */ = {
			isa = PBXGroup;
			children = (
				E243EF9B2510DF9200DC653F /* Preview Assets.xcassets */,
			);
			path = "Preview Content";
			sourceTree = "<group>";
		};
		E243EFAE2510E08D00DC653F /* RswiftUIAppClip */ = {
			isa = PBXGroup;
			children = (
				E2CD1B082510EFF8000ACEFB /* R.generated.swift */,
				E243EFAF2510E08D00DC653F /* RswiftUIAppClipApp.swift */,
				E243EFB12510E08D00DC653F /* ContentView.swift */,
				E243EFB32510E08E00DC653F /* ClipAssets.xcassets */,
				E243EFB82510E08E00DC653F /* Info.plist */,
				E243EFB92510E08E00DC653F /* RswiftUIAppClip.entitlements */,
				E243EFB52510E08E00DC653F /* Preview Content */,
			);
			path = RswiftUIAppClip;
			sourceTree = "<group>";
		};
		E243EFB52510E08E00DC653F /* Preview Content */ = {
			isa = PBXGroup;
			children = (
				E243EFB62510E08E00DC653F /* Preview Assets.xcassets */,
			);
			path = "Preview Content";
			sourceTree = "<group>";
		};
		E243EFC12510E0D900DC653F /* Frameworks */ = {
			isa = PBXGroup;
			children = (
				E243EFC22510E0D900DC653F /* Rswift.framework */,
			);
			name = Frameworks;
			sourceTree = "<group>";
		};
/* End PBXGroup section */

/* Begin PBXNativeTarget section */
		E243EF902510DF9100DC653F /* RswiftUI */ = {
			isa = PBXNativeTarget;
			buildConfigurationList = E243EFA02510DF9200DC653F /* Build configuration list for PBXNativeTarget "RswiftUI" */;
			buildPhases = (
				E2CD1B012510E593000ACEFB /* R.swift */,
				E243EF8D2510DF9100DC653F /* Sources */,
				E243EF8E2510DF9100DC653F /* Frameworks */,
				E243EF8F2510DF9100DC653F /* Resources */,
				E243EFBD2510E08E00DC653F /* Embed App Clips */,
			);
			buildRules = (
			);
			dependencies = (
				E243EFBB2510E08E00DC653F /* PBXTargetDependency */,
			);
			name = RswiftUI;
			packageProductDependencies = (
				E223B7AE2510E43300060B16 /* Rswift */,
			);
			productName = RswiftUI;
			productReference = E243EF912510DF9100DC653F /* RswiftUI.app */;
			productType = "com.apple.product-type.application";
		};
		E243EFAC2510E08D00DC653F /* RswiftUIAppClip */ = {
			isa = PBXNativeTarget;
			buildConfigurationList = E243EFC02510E08E00DC653F /* Build configuration list for PBXNativeTarget "RswiftUIAppClip" */;
			buildPhases = (
				E2CD1B052510EF53000ACEFB /* R.swift */,
				E243EFA92510E08D00DC653F /* Sources */,
				E243EFAA2510E08D00DC653F /* Frameworks */,
				E243EFAB2510E08D00DC653F /* Resources */,
			);
			buildRules = (
			);
			dependencies = (
			);
			name = RswiftUIAppClip;
			packageProductDependencies = (
				E2CD1B0A2510F8A4000ACEFB /* Rswift */,
			);
			productName = RswiftUIAppClip;
			productReference = E243EFAD2510E08D00DC653F /* RswiftUIAppClip.app */;
			productType = "com.apple.product-type.application.on-demand-install-capable";
		};
/* End PBXNativeTarget section */

/* Begin PBXProject section */
		E243EF892510DF9100DC653F /* Project object */ = {
			isa = PBXProject;
			attributes = {
				LastSwiftUpdateCheck = 1200;
				LastUpgradeCheck = 1200;
				TargetAttributes = {
					E243EF902510DF9100DC653F = {
						CreatedOnToolsVersion = 12.0;
					};
					E243EFAC2510E08D00DC653F = {
						CreatedOnToolsVersion = 12.0;
					};
				};
			};
			buildConfigurationList = E243EF8C2510DF9100DC653F /* Build configuration list for PBXProject "RswiftUI" */;
			compatibilityVersion = "Xcode 9.3";
			developmentRegion = en;
			hasScannedForEncodings = 0;
			knownRegions = (
				en,
				Base,
			);
			mainGroup = E243EF882510DF9100DC653F;
			packageReferences = (
				E223B7AD2510E43300060B16 /* XCRemoteSwiftPackageReference "R.swift.Library" */,
			);
			productRefGroup = E243EF922510DF9100DC653F /* Products */;
			projectDirPath = "";
			projectRoot = "";
			targets = (
				E243EF902510DF9100DC653F /* RswiftUI */,
				E243EFAC2510E08D00DC653F /* RswiftUIAppClip */,
			);
		};
/* End PBXProject section */

/* Begin PBXResourcesBuildPhase section */
		E243EF8F2510DF9100DC653F /* Resources */ = {
			isa = PBXResourcesBuildPhase;
			buildActionMask = 2147483647;
			files = (
				E243EF9C2510DF9200DC653F /* Preview Assets.xcassets in Resources */,
				E243EF992510DF9200DC653F /* Assets.xcassets in Resources */,
			);
			runOnlyForDeploymentPostprocessing = 0;
		};
		E243EFAB2510E08D00DC653F /* Resources */ = {
			isa = PBXResourcesBuildPhase;
			buildActionMask = 2147483647;
			files = (
				E243EFB72510E08E00DC653F /* Preview Assets.xcassets in Resources */,
				E2CD1B0C2510F900000ACEFB /* Assets.xcassets in Resources */,
				E243EFB42510E08E00DC653F /* ClipAssets.xcassets in Resources */,
			);
			runOnlyForDeploymentPostprocessing = 0;
		};
/* End PBXResourcesBuildPhase section */

/* Begin PBXShellScriptBuildPhase section */
		E2CD1B012510E593000ACEFB /* R.swift */ = {
			isa = PBXShellScriptBuildPhase;
			buildActionMask = 2147483647;
			files = (
			);
			inputFileListPaths = (
			);
			inputPaths = (
				"$TEMP_DIR/rswift-lastrun",
			);
			name = R.swift;
			outputFileListPaths = (
			);
			outputPaths = (
				$SRCROOT/RswiftUI/R.generated.swift,
			);
			runOnlyForDeploymentPostprocessing = 0;
			shellPath = /bin/sh;
			shellScript = "\"$SRCROOT/../../build/Debug/rswift\" generate \"$SRCROOT/RswiftUI/R.generated.swift\"\n";
		};
		E2CD1B052510EF53000ACEFB /* R.swift */ = {
			isa = PBXShellScriptBuildPhase;
			buildActionMask = 2147483647;
			files = (
			);
			inputFileListPaths = (
			);
			inputPaths = (
				"$TEMP_DIR/rswift-lastrun",
			);
			name = R.swift;
			outputFileListPaths = (
			);
			outputPaths = (
				$SRCROOT/RswiftUIAppClip/R.generated.swift,
			);
			runOnlyForDeploymentPostprocessing = 0;
			shellPath = /bin/sh;
			shellScript = "\"$SRCROOT/../../build/Debug/rswift\" generate \"$SRCROOT/RswiftUIAppClip/R.generated.swift\"\n";
		};
/* End PBXShellScriptBuildPhase section */

/* Begin PBXSourcesBuildPhase section */
		E243EF8D2510DF9100DC653F /* Sources */ = {
			isa = PBXSourcesBuildPhase;
			buildActionMask = 2147483647;
			files = (
				E243EF972510DF9100DC653F /* ContentView.swift in Sources */,
				E243EF952510DF9100DC653F /* RswiftUIApp.swift in Sources */,
				E2CD1B072510EFE0000ACEFB /* R.generated.swift in Sources */,
			);
			runOnlyForDeploymentPostprocessing = 0;
		};
		E243EFA92510E08D00DC653F /* Sources */ = {
			isa = PBXSourcesBuildPhase;
			buildActionMask = 2147483647;
			files = (
				E243EFB22510E08D00DC653F /* ContentView.swift in Sources */,
				E243EFB02510E08D00DC653F /* RswiftUIAppClipApp.swift in Sources */,
				E2CD1B092510EFF8000ACEFB /* R.generated.swift in Sources */,
			);
			runOnlyForDeploymentPostprocessing = 0;
		};
/* End PBXSourcesBuildPhase section */

/* Begin PBXTargetDependency section */
		E243EFBB2510E08E00DC653F /* PBXTargetDependency */ = {
			isa = PBXTargetDependency;
			target = E243EFAC2510E08D00DC653F /* RswiftUIAppClip */;
			targetProxy = E243EFBA2510E08E00DC653F /* PBXContainerItemProxy */;
		};
/* End PBXTargetDependency section */

/* Begin XCBuildConfiguration section */
		E243EF9E2510DF9200DC653F /* Debug */ = {
			isa = XCBuildConfiguration;
			buildSettings = {
				ALWAYS_SEARCH_USER_PATHS = NO;
				CLANG_ANALYZER_NONNULL = YES;
				CLANG_ANALYZER_NUMBER_OBJECT_CONVERSION = YES_AGGRESSIVE;
				CLANG_CXX_LANGUAGE_STANDARD = "gnu++14";
				CLANG_CXX_LIBRARY = "libc++";
				CLANG_ENABLE_MODULES = YES;
				CLANG_ENABLE_OBJC_ARC = YES;
				CLANG_ENABLE_OBJC_WEAK = YES;
				CLANG_WARN_BLOCK_CAPTURE_AUTORELEASING = YES;
				CLANG_WARN_BOOL_CONVERSION = YES;
				CLANG_WARN_COMMA = YES;
				CLANG_WARN_CONSTANT_CONVERSION = YES;
				CLANG_WARN_DEPRECATED_OBJC_IMPLEMENTATIONS = YES;
				CLANG_WARN_DIRECT_OBJC_ISA_USAGE = YES_ERROR;
				CLANG_WARN_DOCUMENTATION_COMMENTS = YES;
				CLANG_WARN_EMPTY_BODY = YES;
				CLANG_WARN_ENUM_CONVERSION = YES;
				CLANG_WARN_INFINITE_RECURSION = YES;
				CLANG_WARN_INT_CONVERSION = YES;
				CLANG_WARN_NON_LITERAL_NULL_CONVERSION = YES;
				CLANG_WARN_OBJC_IMPLICIT_RETAIN_SELF = YES;
				CLANG_WARN_OBJC_LITERAL_CONVERSION = YES;
				CLANG_WARN_OBJC_ROOT_CLASS = YES_ERROR;
				CLANG_WARN_QUOTED_INCLUDE_IN_FRAMEWORK_HEADER = YES;
				CLANG_WARN_RANGE_LOOP_ANALYSIS = YES;
				CLANG_WARN_STRICT_PROTOTYPES = YES;
				CLANG_WARN_SUSPICIOUS_MOVE = YES;
				CLANG_WARN_UNGUARDED_AVAILABILITY = YES_AGGRESSIVE;
				CLANG_WARN_UNREACHABLE_CODE = YES;
				CLANG_WARN__DUPLICATE_METHOD_MATCH = YES;
				COPY_PHASE_STRIP = NO;
				DEBUG_INFORMATION_FORMAT = dwarf;
				ENABLE_STRICT_OBJC_MSGSEND = YES;
				ENABLE_TESTABILITY = YES;
				GCC_C_LANGUAGE_STANDARD = gnu11;
				GCC_DYNAMIC_NO_PIC = NO;
				GCC_NO_COMMON_BLOCKS = YES;
				GCC_OPTIMIZATION_LEVEL = 0;
				GCC_PREPROCESSOR_DEFINITIONS = (
					"DEBUG=1",
					"$(inherited)",
				);
				GCC_WARN_64_TO_32_BIT_CONVERSION = YES;
				GCC_WARN_ABOUT_RETURN_TYPE = YES_ERROR;
				GCC_WARN_UNDECLARED_SELECTOR = YES;
				GCC_WARN_UNINITIALIZED_AUTOS = YES_AGGRESSIVE;
				GCC_WARN_UNUSED_FUNCTION = YES;
				GCC_WARN_UNUSED_VARIABLE = YES;
				IPHONEOS_DEPLOYMENT_TARGET = 14.0;
				MTL_ENABLE_DEBUG_INFO = INCLUDE_SOURCE;
				MTL_FAST_MATH = YES;
				ONLY_ACTIVE_ARCH = YES;
				SDKROOT = iphoneos;
				SWIFT_ACTIVE_COMPILATION_CONDITIONS = DEBUG;
				SWIFT_OPTIMIZATION_LEVEL = "-Onone";
			};
			name = Debug;
		};
		E243EF9F2510DF9200DC653F /* Release */ = {
			isa = XCBuildConfiguration;
			buildSettings = {
				ALWAYS_SEARCH_USER_PATHS = NO;
				CLANG_ANALYZER_NONNULL = YES;
				CLANG_ANALYZER_NUMBER_OBJECT_CONVERSION = YES_AGGRESSIVE;
				CLANG_CXX_LANGUAGE_STANDARD = "gnu++14";
				CLANG_CXX_LIBRARY = "libc++";
				CLANG_ENABLE_MODULES = YES;
				CLANG_ENABLE_OBJC_ARC = YES;
				CLANG_ENABLE_OBJC_WEAK = YES;
				CLANG_WARN_BLOCK_CAPTURE_AUTORELEASING = YES;
				CLANG_WARN_BOOL_CONVERSION = YES;
				CLANG_WARN_COMMA = YES;
				CLANG_WARN_CONSTANT_CONVERSION = YES;
				CLANG_WARN_DEPRECATED_OBJC_IMPLEMENTATIONS = YES;
				CLANG_WARN_DIRECT_OBJC_ISA_USAGE = YES_ERROR;
				CLANG_WARN_DOCUMENTATION_COMMENTS = YES;
				CLANG_WARN_EMPTY_BODY = YES;
				CLANG_WARN_ENUM_CONVERSION = YES;
				CLANG_WARN_INFINITE_RECURSION = YES;
				CLANG_WARN_INT_CONVERSION = YES;
				CLANG_WARN_NON_LITERAL_NULL_CONVERSION = YES;
				CLANG_WARN_OBJC_IMPLICIT_RETAIN_SELF = YES;
				CLANG_WARN_OBJC_LITERAL_CONVERSION = YES;
				CLANG_WARN_OBJC_ROOT_CLASS = YES_ERROR;
				CLANG_WARN_QUOTED_INCLUDE_IN_FRAMEWORK_HEADER = YES;
				CLANG_WARN_RANGE_LOOP_ANALYSIS = YES;
				CLANG_WARN_STRICT_PROTOTYPES = YES;
				CLANG_WARN_SUSPICIOUS_MOVE = YES;
				CLANG_WARN_UNGUARDED_AVAILABILITY = YES_AGGRESSIVE;
				CLANG_WARN_UNREACHABLE_CODE = YES;
				CLANG_WARN__DUPLICATE_METHOD_MATCH = YES;
				COPY_PHASE_STRIP = NO;
				DEBUG_INFORMATION_FORMAT = "dwarf-with-dsym";
				ENABLE_NS_ASSERTIONS = NO;
				ENABLE_STRICT_OBJC_MSGSEND = YES;
				GCC_C_LANGUAGE_STANDARD = gnu11;
				GCC_NO_COMMON_BLOCKS = YES;
				GCC_WARN_64_TO_32_BIT_CONVERSION = YES;
				GCC_WARN_ABOUT_RETURN_TYPE = YES_ERROR;
				GCC_WARN_UNDECLARED_SELECTOR = YES;
				GCC_WARN_UNINITIALIZED_AUTOS = YES_AGGRESSIVE;
				GCC_WARN_UNUSED_FUNCTION = YES;
				GCC_WARN_UNUSED_VARIABLE = YES;
				IPHONEOS_DEPLOYMENT_TARGET = 14.0;
				MTL_ENABLE_DEBUG_INFO = NO;
				MTL_FAST_MATH = YES;
				SDKROOT = iphoneos;
				SWIFT_COMPILATION_MODE = wholemodule;
				SWIFT_OPTIMIZATION_LEVEL = "-O";
				VALIDATE_PRODUCT = YES;
			};
			name = Release;
		};
		E243EFA12510DF9200DC653F /* Debug */ = {
			isa = XCBuildConfiguration;
			buildSettings = {
				ALWAYS_EMBED_SWIFT_STANDARD_LIBRARIES = YES;
				ASSETCATALOG_COMPILER_APPICON_NAME = AppIcon;
				ASSETCATALOG_COMPILER_GLOBAL_ACCENT_COLOR_NAME = AccentColor;
				CODE_SIGN_STYLE = Automatic;
				DEVELOPMENT_ASSET_PATHS = "\"RswiftUI/Preview Content\"";
				ENABLE_PREVIEWS = YES;
				INFOPLIST_FILE = RswiftUI/Info.plist;
				IPHONEOS_DEPLOYMENT_TARGET = 14.0;
				LD_RUNPATH_SEARCH_PATHS = (
					"$(inherited)",
					"@executable_path/Frameworks",
				);
				PRODUCT_BUNDLE_IDENTIFIER = nl.mathijskadijk.RswiftUI;
				PRODUCT_NAME = "$(TARGET_NAME)";
				SWIFT_VERSION = 5.0;
				TARGETED_DEVICE_FAMILY = "1,2";
			};
			name = Debug;
		};
		E243EFA22510DF9200DC653F /* Release */ = {
			isa = XCBuildConfiguration;
			buildSettings = {
				ALWAYS_EMBED_SWIFT_STANDARD_LIBRARIES = YES;
				ASSETCATALOG_COMPILER_APPICON_NAME = AppIcon;
				ASSETCATALOG_COMPILER_GLOBAL_ACCENT_COLOR_NAME = AccentColor;
				CODE_SIGN_STYLE = Automatic;
				DEVELOPMENT_ASSET_PATHS = "\"RswiftUI/Preview Content\"";
				ENABLE_PREVIEWS = YES;
				INFOPLIST_FILE = RswiftUI/Info.plist;
				IPHONEOS_DEPLOYMENT_TARGET = 14.0;
				LD_RUNPATH_SEARCH_PATHS = (
					"$(inherited)",
					"@executable_path/Frameworks",
				);
				PRODUCT_BUNDLE_IDENTIFIER = nl.mathijskadijk.RswiftUI;
				PRODUCT_NAME = "$(TARGET_NAME)";
				SWIFT_VERSION = 5.0;
				TARGETED_DEVICE_FAMILY = "1,2";
			};
			name = Release;
		};
		E243EFBE2510E08E00DC653F /* Debug */ = {
			isa = XCBuildConfiguration;
			buildSettings = {
				ASSETCATALOG_COMPILER_APPICON_NAME = AppIcon;
				ASSETCATALOG_COMPILER_GLOBAL_ACCENT_COLOR_NAME = AccentColor;
				CODE_SIGN_ENTITLEMENTS = RswiftUIAppClip/RswiftUIAppClip.entitlements;
				CODE_SIGN_STYLE = Automatic;
				DEVELOPMENT_ASSET_PATHS = "\"RswiftUIAppClip/Preview Content\"";
				ENABLE_PREVIEWS = YES;
				INFOPLIST_FILE = RswiftUIAppClip/Info.plist;
				IPHONEOS_DEPLOYMENT_TARGET = 14.0;
				LD_RUNPATH_SEARCH_PATHS = (
					"$(inherited)",
					"@executable_path/Frameworks",
				);
				PRODUCT_BUNDLE_IDENTIFIER = nl.mathijskadijk.RswiftUI.Clip;
				PRODUCT_NAME = "$(TARGET_NAME)";
				SWIFT_VERSION = 5.0;
				TARGETED_DEVICE_FAMILY = "1,2";
			};
			name = Debug;
		};
		E243EFBF2510E08E00DC653F /* Release */ = {
			isa = XCBuildConfiguration;
			buildSettings = {
				ASSETCATALOG_COMPILER_APPICON_NAME = AppIcon;
				ASSETCATALOG_COMPILER_GLOBAL_ACCENT_COLOR_NAME = AccentColor;
				CODE_SIGN_ENTITLEMENTS = RswiftUIAppClip/RswiftUIAppClip.entitlements;
				CODE_SIGN_STYLE = Automatic;
				DEVELOPMENT_ASSET_PATHS = "\"RswiftUIAppClip/Preview Content\"";
				ENABLE_PREVIEWS = YES;
				INFOPLIST_FILE = RswiftUIAppClip/Info.plist;
				IPHONEOS_DEPLOYMENT_TARGET = 14.0;
				LD_RUNPATH_SEARCH_PATHS = (
					"$(inherited)",
					"@executable_path/Frameworks",
				);
				PRODUCT_BUNDLE_IDENTIFIER = nl.mathijskadijk.RswiftUI.Clip;
				PRODUCT_NAME = "$(TARGET_NAME)";
				SWIFT_VERSION = 5.0;
				TARGETED_DEVICE_FAMILY = "1,2";
			};
			name = Release;
		};
/* End XCBuildConfiguration section */

/* Begin XCConfigurationList section */
		E243EF8C2510DF9100DC653F /* Build configuration list for PBXProject "RswiftUI" */ = {
			isa = XCConfigurationList;
			buildConfigurations = (
				E243EF9E2510DF9200DC653F /* Debug */,
				E243EF9F2510DF9200DC653F /* Release */,
			);
			defaultConfigurationIsVisible = 0;
			defaultConfigurationName = Release;
		};
		E243EFA02510DF9200DC653F /* Build configuration list for PBXNativeTarget "RswiftUI" */ = {
			isa = XCConfigurationList;
			buildConfigurations = (
				E243EFA12510DF9200DC653F /* Debug */,
				E243EFA22510DF9200DC653F /* Release */,
			);
			defaultConfigurationIsVisible = 0;
			defaultConfigurationName = Release;
		};
		E243EFC02510E08E00DC653F /* Build configuration list for PBXNativeTarget "RswiftUIAppClip" */ = {
			isa = XCConfigurationList;
			buildConfigurations = (
				E243EFBE2510E08E00DC653F /* Debug */,
				E243EFBF2510E08E00DC653F /* Release */,
			);
			defaultConfigurationIsVisible = 0;
			defaultConfigurationName = Release;
		};
/* End XCConfigurationList section */

/* Begin XCRemoteSwiftPackageReference section */
		E223B7AD2510E43300060B16 /* XCRemoteSwiftPackageReference "R.swift.Library" */ = {
			isa = XCRemoteSwiftPackageReference;
			repositoryURL = "https://github.com/mac-cain13/R.swift.Library.git";
			requirement = {
				kind = upToNextMajorVersion;
				minimumVersion = 5.2.0;
			};
		};
/* End XCRemoteSwiftPackageReference section */

/* Begin XCSwiftPackageProductDependency section */
		E223B7AE2510E43300060B16 /* Rswift */ = {
			isa = XCSwiftPackageProductDependency;
			package = E223B7AD2510E43300060B16 /* XCRemoteSwiftPackageReference "R.swift.Library" */;
			productName = Rswift;
		};
		E2CD1B0A2510F8A4000ACEFB /* Rswift */ = {
			isa = XCSwiftPackageProductDependency;
			package = E223B7AD2510E43300060B16 /* XCRemoteSwiftPackageReference "R.swift.Library" */;
			productName = Rswift;
		};
/* End XCSwiftPackageProductDependency section */
	};
	rootObject = E243EF892510DF9100DC653F /* Project object */;
}
