// !$*UTF8*$!
{
	archiveVersion = 1;
	classes = {
	};
	objectVersion = 46;
	objects = {

/* Begin PBXBuildFile section */
		D50175BE1B5FEFD000DB8314 /* Secondary.storyboard in Resources */ = {isa = PBXBuildFile; fileRef = D50175BC1B5FEFD000DB8314 /* Secondary.storyboard */; };
		D51F47231B8FAF9F0028BAFD /* NibTests.swift in Sources */ = {isa = PBXBuildFile; fileRef = D51F47221B8FAF9F0028BAFD /* NibTests.swift */; settings = {ASSET_TAGS = (); }; };
		D55C6CC01B5D757300301B0D /* FirstViewController.swift in Sources */ = {isa = PBXBuildFile; fileRef = D55C6CBF1B5D757300301B0D /* FirstViewController.swift */; };
		D55C6CC21B5D757300301B0D /* SecondViewController.swift in Sources */ = {isa = PBXBuildFile; fileRef = D55C6CC11B5D757300301B0D /* SecondViewController.swift */; };
		D55C6CC51B5D757300301B0D /* Main.storyboard in Resources */ = {isa = PBXBuildFile; fileRef = D55C6CC31B5D757300301B0D /* Main.storyboard */; };
		D55C6CC71B5D757300301B0D /* Images.xcassets in Resources */ = {isa = PBXBuildFile; fileRef = D55C6CC61B5D757300301B0D /* Images.xcassets */; };
		D55C6CCA1B5D757300301B0D /* LaunchScreen.xib in Resources */ = {isa = PBXBuildFile; fileRef = D55C6CC81B5D757300301B0D /* LaunchScreen.xib */; };
		D55C6CD61B5D757300301B0D /* ResourceAppTests.swift in Sources */ = {isa = PBXBuildFile; fileRef = D55C6CD51B5D757300301B0D /* ResourceAppTests.swift */; };
		D575E25D1B766CD800C22F0B /* My View.xib in Resources */ = {isa = PBXBuildFile; fileRef = D575E25C1B766CD800C22F0B /* My View.xib */; };
		D58AF2811B708CB300FB2A4E /* rswift.log in Resources */ = {isa = PBXBuildFile; fileRef = D50175BA1B5FEF6E00DB8314 /* rswift.log */; };
		D5AD5C911B78FC0500A8B96C /* duplicate.xib in Resources */ = {isa = PBXBuildFile; fileRef = D5AD5C901B78FC0500A8B96C /* duplicate.xib */; };
		D5AD5C941B78FC4E00A8B96C /* Duplicate.xib in Resources */ = {isa = PBXBuildFile; fileRef = D5AD5C931B78FC4E00A8B96C /* Duplicate.xib */; };
		D5AD5C971B7A7CDA00A8B96C /* duplicate.storyboard in Resources */ = {isa = PBXBuildFile; fileRef = D5AD5C961B7A7CDA00A8B96C /* duplicate.storyboard */; };
		D5AD5C991B7A7CE700A8B96C /* Duplicate.storyboard in Resources */ = {isa = PBXBuildFile; fileRef = D5AD5C981B7A7CE700A8B96C /* Duplicate.storyboard */; };
		D5AD5C9B1B7A8F4300A8B96C /* CellView.xib in Resources */ = {isa = PBXBuildFile; fileRef = D5AD5C9A1B7A8F4300A8B96C /* CellView.xib */; };
		D5AD5C9D1B7A901F00A8B96C /* ADuplicateCellView.xib in Resources */ = {isa = PBXBuildFile; fileRef = D5AD5C9C1B7A901F00A8B96C /* ADuplicateCellView.xib */; };
		D5AD5C9F1B7A924000A8B96C /* AppDelegate.swift in Sources */ = {isa = PBXBuildFile; fileRef = D5AD5C9E1B7A924000A8B96C /* AppDelegate.swift */; };
		D5AD5CA11B7A926200A8B96C /* DuplicateCellView.xib in Resources */ = {isa = PBXBuildFile; fileRef = D5AD5CA01B7A926200A8B96C /* DuplicateCellView.xib */; };
		D5CBCE491B7682B800C5D96B /* MyViewController.swift in Sources */ = {isa = PBXBuildFile; fileRef = D5CBCE481B7682B800C5D96B /* MyViewController.swift */; };
		D5DE480E1B5E1CC7000F6A85 /* R.generated.swift in Sources */ = {isa = PBXBuildFile; fileRef = D5DE480D1B5E1CC7000F6A85 /* R.generated.swift */; };
		D5E513BA1B8E111A0035ECAA /* AveriaLibre-B.ttf in Resources */ = {isa = PBXBuildFile; fileRef = D5E513B51B8E111A0035ECAA /* AveriaLibre-B.ttf */; settings = {ASSET_TAGS = (); }; };
		D5E513BB1B8E111A0035ECAA /* AveriaLibre-BI.ttf in Resources */ = {isa = PBXBuildFile; fileRef = D5E513B61B8E111A0035ECAA /* AveriaLibre-BI.ttf */; settings = {ASSET_TAGS = (); }; };
		D5E513BC1B8E111A0035ECAA /* AveriaLibre-L.ttf in Resources */ = {isa = PBXBuildFile; fileRef = D5E513B71B8E111A0035ECAA /* AveriaLibre-L.ttf */; settings = {ASSET_TAGS = (); }; };
		D5E513BD1B8E111A0035ECAA /* AveriaLibre.ttf in Resources */ = {isa = PBXBuildFile; fileRef = D5E513B81B8E111A0035ECAA /* AveriaLibre.ttf */; settings = {ASSET_TAGS = (); }; };
		D5E513BE1B8E111A0035ECAA /* GdyBkltter1911.ttf in Resources */ = {isa = PBXBuildFile; fileRef = D5E513B91B8E111A0035ECAA /* GdyBkltter1911.ttf */; settings = {ASSET_TAGS = (); }; };
		D5E513C01B8E11810035ECAA /* FontsTests.swift in Sources */ = {isa = PBXBuildFile; fileRef = D5E513BF1B8E11810035ECAA /* FontsTests.swift */; settings = {ASSET_TAGS = (); }; };
		D5EB326F1B63AD6B005C7B47 /* ImagesTests.swift in Sources */ = {isa = PBXBuildFile; fileRef = D5EB326D1B63AD6B005C7B47 /* ImagesTests.swift */; };
		D5EB32701B63AD6B005C7B47 /* ValidationTests.swift in Sources */ = {isa = PBXBuildFile; fileRef = D5EB326E1B63AD6B005C7B47 /* ValidationTests.swift */; };
		D5FAD9091B63B05700ECE230 /* Images.xcassets in Resources */ = {isa = PBXBuildFile; fileRef = D55C6CC61B5D757300301B0D /* Images.xcassets */; };
/* End PBXBuildFile section */

/* Begin PBXContainerItemProxy section */
		D55C6CD01B5D757300301B0D /* PBXContainerItemProxy */ = {
			isa = PBXContainerItemProxy;
			containerPortal = D55C6CB01B5D757300301B0D /* Project object */;
			proxyType = 1;
			remoteGlobalIDString = D55C6CB71B5D757300301B0D;
			remoteInfo = ResourceApp;
		};
/* End PBXContainerItemProxy section */

/* Begin PBXFileReference section */
		D50175BA1B5FEF6E00DB8314 /* rswift.log */ = {isa = PBXFileReference; fileEncoding = 4; lastKnownFileType = text; path = rswift.log; sourceTree = SOURCE_ROOT; };
		D50175BD1B5FEFD000DB8314 /* Base */ = {isa = PBXFileReference; lastKnownFileType = file.storyboard; name = Base; path = Base.lproj/Secondary.storyboard; sourceTree = "<group>"; };
		D51F47221B8FAF9F0028BAFD /* NibTests.swift */ = {isa = PBXFileReference; fileEncoding = 4; lastKnownFileType = sourcecode.swift; path = NibTests.swift; sourceTree = "<group>"; };
		D55C6CB81B5D757300301B0D /* ResourceApp.app */ = {isa = PBXFileReference; explicitFileType = wrapper.application; includeInIndex = 0; path = ResourceApp.app; sourceTree = BUILT_PRODUCTS_DIR; };
		D55C6CBC1B5D757300301B0D /* Info.plist */ = {isa = PBXFileReference; lastKnownFileType = text.plist.xml; path = Info.plist; sourceTree = "<group>"; };
		D55C6CBF1B5D757300301B0D /* FirstViewController.swift */ = {isa = PBXFileReference; lastKnownFileType = sourcecode.swift; path = FirstViewController.swift; sourceTree = "<group>"; };
		D55C6CC11B5D757300301B0D /* SecondViewController.swift */ = {isa = PBXFileReference; lastKnownFileType = sourcecode.swift; path = SecondViewController.swift; sourceTree = "<group>"; };
		D55C6CC41B5D757300301B0D /* Base */ = {isa = PBXFileReference; lastKnownFileType = file.storyboard; name = Base; path = Base.lproj/Main.storyboard; sourceTree = "<group>"; };
		D55C6CC61B5D757300301B0D /* Images.xcassets */ = {isa = PBXFileReference; lastKnownFileType = folder.assetcatalog; path = Images.xcassets; sourceTree = "<group>"; };
		D55C6CC91B5D757300301B0D /* Base */ = {isa = PBXFileReference; lastKnownFileType = file.xib; name = Base; path = Base.lproj/LaunchScreen.xib; sourceTree = "<group>"; };
		D55C6CCF1B5D757300301B0D /* ResourceAppTests.xctest */ = {isa = PBXFileReference; explicitFileType = wrapper.cfbundle; includeInIndex = 0; path = ResourceAppTests.xctest; sourceTree = BUILT_PRODUCTS_DIR; };
		D55C6CD41B5D757300301B0D /* Info.plist */ = {isa = PBXFileReference; lastKnownFileType = text.plist.xml; path = Info.plist; sourceTree = "<group>"; };
		D55C6CD51B5D757300301B0D /* ResourceAppTests.swift */ = {isa = PBXFileReference; lastKnownFileType = sourcecode.swift; path = ResourceAppTests.swift; sourceTree = "<group>"; };
		D575E25C1B766CD800C22F0B /* My View.xib */ = {isa = PBXFileReference; fileEncoding = 4; lastKnownFileType = file.xib; path = "My View.xib"; sourceTree = "<group>"; };
		D5AD5C901B78FC0500A8B96C /* duplicate.xib */ = {isa = PBXFileReference; fileEncoding = 4; lastKnownFileType = file.xib; path = duplicate.xib; sourceTree = "<group>"; };
		D5AD5C931B78FC4E00A8B96C /* Duplicate.xib */ = {isa = PBXFileReference; fileEncoding = 4; lastKnownFileType = file.xib; path = Duplicate.xib; sourceTree = "<group>"; };
		D5AD5C961B7A7CDA00A8B96C /* duplicate.storyboard */ = {isa = PBXFileReference; fileEncoding = 4; lastKnownFileType = file.storyboard; path = duplicate.storyboard; sourceTree = "<group>"; };
		D5AD5C981B7A7CE700A8B96C /* Duplicate.storyboard */ = {isa = PBXFileReference; fileEncoding = 4; lastKnownFileType = file.storyboard; path = Duplicate.storyboard; sourceTree = "<group>"; };
		D5AD5C9A1B7A8F4300A8B96C /* CellView.xib */ = {isa = PBXFileReference; fileEncoding = 4; lastKnownFileType = file.xib; path = CellView.xib; sourceTree = "<group>"; };
		D5AD5C9C1B7A901F00A8B96C /* ADuplicateCellView.xib */ = {isa = PBXFileReference; fileEncoding = 4; lastKnownFileType = file.xib; name = ADuplicateCellView.xib; path = ResourceApp/Duplicate/ADuplicateCellView.xib; sourceTree = SOURCE_ROOT; };
		D5AD5C9E1B7A924000A8B96C /* AppDelegate.swift */ = {isa = PBXFileReference; fileEncoding = 4; lastKnownFileType = sourcecode.swift; path = AppDelegate.swift; sourceTree = "<group>"; };
		D5AD5CA01B7A926200A8B96C /* DuplicateCellView.xib */ = {isa = PBXFileReference; fileEncoding = 4; lastKnownFileType = file.xib; path = DuplicateCellView.xib; sourceTree = "<group>"; };
		D5CBCE481B7682B800C5D96B /* MyViewController.swift */ = {isa = PBXFileReference; fileEncoding = 4; lastKnownFileType = sourcecode.swift; path = MyViewController.swift; sourceTree = "<group>"; };
		D5DE480D1B5E1CC7000F6A85 /* R.generated.swift */ = {isa = PBXFileReference; fileEncoding = 4; lastKnownFileType = sourcecode.swift; path = R.generated.swift; sourceTree = SOURCE_ROOT; };
		D5E513B51B8E111A0035ECAA /* AveriaLibre-B.ttf */ = {isa = PBXFileReference; lastKnownFileType = file; path = "AveriaLibre-B.ttf"; sourceTree = "<group>"; };
		D5E513B61B8E111A0035ECAA /* AveriaLibre-BI.ttf */ = {isa = PBXFileReference; lastKnownFileType = file; path = "AveriaLibre-BI.ttf"; sourceTree = "<group>"; };
		D5E513B71B8E111A0035ECAA /* AveriaLibre-L.ttf */ = {isa = PBXFileReference; lastKnownFileType = file; path = "AveriaLibre-L.ttf"; sourceTree = "<group>"; };
		D5E513B81B8E111A0035ECAA /* AveriaLibre.ttf */ = {isa = PBXFileReference; lastKnownFileType = file; path = AveriaLibre.ttf; sourceTree = "<group>"; };
		D5E513B91B8E111A0035ECAA /* GdyBkltter1911.ttf */ = {isa = PBXFileReference; lastKnownFileType = file; path = GdyBkltter1911.ttf; sourceTree = "<group>"; };
		D5E513BF1B8E11810035ECAA /* FontsTests.swift */ = {isa = PBXFileReference; fileEncoding = 4; lastKnownFileType = sourcecode.swift; path = FontsTests.swift; sourceTree = "<group>"; };
		D5EB326D1B63AD6B005C7B47 /* ImagesTests.swift */ = {isa = PBXFileReference; fileEncoding = 4; lastKnownFileType = sourcecode.swift; path = ImagesTests.swift; sourceTree = "<group>"; };
		D5EB326E1B63AD6B005C7B47 /* ValidationTests.swift */ = {isa = PBXFileReference; fileEncoding = 4; lastKnownFileType = sourcecode.swift; path = ValidationTests.swift; sourceTree = "<group>"; };
/* End PBXFileReference section */

/* Begin PBXFrameworksBuildPhase section */
		D55C6CB51B5D757300301B0D /* Frameworks */ = {
			isa = PBXFrameworksBuildPhase;
			buildActionMask = 2147483647;
			files = (
			);
			runOnlyForDeploymentPostprocessing = 0;
		};
		D55C6CCC1B5D757300301B0D /* Frameworks */ = {
			isa = PBXFrameworksBuildPhase;
			buildActionMask = 2147483647;
			files = (
			);
			runOnlyForDeploymentPostprocessing = 0;
		};
/* End PBXFrameworksBuildPhase section */

/* Begin PBXGroup section */
		D55C6CAF1B5D757300301B0D = {
			isa = PBXGroup;
			children = (
				D55C6CBA1B5D757300301B0D /* ResourceApp */,
				D55C6CD21B5D757300301B0D /* ResourceAppTests */,
				D55C6CB91B5D757300301B0D /* Products */,
			);
			sourceTree = "<group>";
		};
		D55C6CB91B5D757300301B0D /* Products */ = {
			isa = PBXGroup;
			children = (
				D55C6CB81B5D757300301B0D /* ResourceApp.app */,
				D55C6CCF1B5D757300301B0D /* ResourceAppTests.xctest */,
			);
			name = Products;
			sourceTree = "<group>";
		};
		D55C6CBA1B5D757300301B0D /* ResourceApp */ = {
			isa = PBXGroup;
			children = (
				D5E513B41B8E10F90035ECAA /* Fonts */,
				D5AD5C951B78FCAA00A8B96C /* Duplicates */,
				D55C6CBF1B5D757300301B0D /* FirstViewController.swift */,
				D55C6CC11B5D757300301B0D /* SecondViewController.swift */,
				D5CBCE481B7682B800C5D96B /* MyViewController.swift */,
				D575E25C1B766CD800C22F0B /* My View.xib */,
				D5AD5C9A1B7A8F4300A8B96C /* CellView.xib */,
				D5AD5C931B78FC4E00A8B96C /* Duplicate.xib */,
				D5AD5CA01B7A926200A8B96C /* DuplicateCellView.xib */,
				D5AD5C9E1B7A924000A8B96C /* AppDelegate.swift */,
				D55C6CC31B5D757300301B0D /* Main.storyboard */,
				D50175BC1B5FEFD000DB8314 /* Secondary.storyboard */,
				D5AD5C981B7A7CE700A8B96C /* Duplicate.storyboard */,
				D55C6CC61B5D757300301B0D /* Images.xcassets */,
				D55C6CC81B5D757300301B0D /* LaunchScreen.xib */,
				D55C6CBB1B5D757300301B0D /* Supporting Files */,
			);
			path = ResourceApp;
			sourceTree = "<group>";
		};
		D55C6CBB1B5D757300301B0D /* Supporting Files */ = {
			isa = PBXGroup;
			children = (
				D5DE480D1B5E1CC7000F6A85 /* R.generated.swift */,
				D55C6CBC1B5D757300301B0D /* Info.plist */,
			);
			name = "Supporting Files";
			sourceTree = "<group>";
		};
		D55C6CD21B5D757300301B0D /* ResourceAppTests */ = {
			isa = PBXGroup;
			children = (
				D55C6CD51B5D757300301B0D /* ResourceAppTests.swift */,
				D5EB326E1B63AD6B005C7B47 /* ValidationTests.swift */,
				D5EB326D1B63AD6B005C7B47 /* ImagesTests.swift */,
				D5E513BF1B8E11810035ECAA /* FontsTests.swift */,
				D51F47221B8FAF9F0028BAFD /* NibTests.swift */,
				D55C6CD31B5D757300301B0D /* Supporting Files */,
			);
			path = ResourceAppTests;
			sourceTree = "<group>";
		};
		D55C6CD31B5D757300301B0D /* Supporting Files */ = {
			isa = PBXGroup;
			children = (
				D50175BA1B5FEF6E00DB8314 /* rswift.log */,
				D55C6CD41B5D757300301B0D /* Info.plist */,
			);
			name = "Supporting Files";
			sourceTree = "<group>";
		};
		D5AD5C951B78FCAA00A8B96C /* Duplicates */ = {
			isa = PBXGroup;
			children = (
				D5AD5C901B78FC0500A8B96C /* duplicate.xib */,
				D5AD5C961B7A7CDA00A8B96C /* duplicate.storyboard */,
				D5AD5C9C1B7A901F00A8B96C /* ADuplicateCellView.xib */,
			);
			name = Duplicates;
			path = Duplicate;
			sourceTree = "<group>";
		};
		D5E513B41B8E10F90035ECAA /* Fonts */ = {
			isa = PBXGroup;
			children = (
				D5E513B51B8E111A0035ECAA /* AveriaLibre-B.ttf */,
				D5E513B61B8E111A0035ECAA /* AveriaLibre-BI.ttf */,
				D5E513B71B8E111A0035ECAA /* AveriaLibre-L.ttf */,
				D5E513B81B8E111A0035ECAA /* AveriaLibre.ttf */,
				D5E513B91B8E111A0035ECAA /* GdyBkltter1911.ttf */,
			);
			path = Fonts;
			sourceTree = "<group>";
		};
/* End PBXGroup section */

/* Begin PBXNativeTarget section */
		D55C6CB71B5D757300301B0D /* ResourceApp */ = {
			isa = PBXNativeTarget;
			buildConfigurationList = D55C6CD91B5D757300301B0D /* Build configuration list for PBXNativeTarget "ResourceApp" */;
			buildPhases = (
				D55C6CED1B5E172900301B0D /* R.swift */,
				D55C6CB41B5D757300301B0D /* Sources */,
				D55C6CB51B5D757300301B0D /* Frameworks */,
				D55C6CB61B5D757300301B0D /* Resources */,
			);
			buildRules = (
			);
			dependencies = (
			);
			name = ResourceApp;
			productName = ResourceApp;
			productReference = D55C6CB81B5D757300301B0D /* ResourceApp.app */;
			productType = "com.apple.product-type.application";
		};
		D55C6CCE1B5D757300301B0D /* ResourceAppTests */ = {
			isa = PBXNativeTarget;
			buildConfigurationList = D55C6CDC1B5D757300301B0D /* Build configuration list for PBXNativeTarget "ResourceAppTests" */;
			buildPhases = (
				D55C6CCB1B5D757300301B0D /* Sources */,
				D55C6CCC1B5D757300301B0D /* Frameworks */,
				D55C6CCD1B5D757300301B0D /* Resources */,
			);
			buildRules = (
			);
			dependencies = (
				D55C6CD11B5D757300301B0D /* PBXTargetDependency */,
			);
			name = ResourceAppTests;
			productName = ResourceAppTests;
			productReference = D55C6CCF1B5D757300301B0D /* ResourceAppTests.xctest */;
			productType = "com.apple.product-type.bundle.unit-test";
		};
/* End PBXNativeTarget section */

/* Begin PBXProject section */
		D55C6CB01B5D757300301B0D /* Project object */ = {
			isa = PBXProject;
			attributes = {
				LastSwiftMigration = 0700;
				LastSwiftUpdateCheck = 0700;
				LastUpgradeCheck = 0700;
				ORGANIZATIONNAME = "Mathijs Kadijk";
				TargetAttributes = {
					D55C6CB71B5D757300301B0D = {
						CreatedOnToolsVersion = 6.4;
					};
					D55C6CCE1B5D757300301B0D = {
						CreatedOnToolsVersion = 6.4;
						TestTargetID = D55C6CB71B5D757300301B0D;
					};
				};
			};
			buildConfigurationList = D55C6CB31B5D757300301B0D /* Build configuration list for PBXProject "ResourceApp" */;
			compatibilityVersion = "Xcode 3.2";
			developmentRegion = English;
			hasScannedForEncodings = 0;
			knownRegions = (
				en,
				Base,
			);
			mainGroup = D55C6CAF1B5D757300301B0D;
			productRefGroup = D55C6CB91B5D757300301B0D /* Products */;
			projectDirPath = "";
			projectRoot = "";
			targets = (
				D55C6CB71B5D757300301B0D /* ResourceApp */,
				D55C6CCE1B5D757300301B0D /* ResourceAppTests */,
			);
		};
/* End PBXProject section */

/* Begin PBXResourcesBuildPhase section */
		D55C6CB61B5D757300301B0D /* Resources */ = {
			isa = PBXResourcesBuildPhase;
			buildActionMask = 2147483647;
			files = (
				D5E513BB1B8E111A0035ECAA /* AveriaLibre-BI.ttf in Resources */,
				D5AD5C9B1B7A8F4300A8B96C /* CellView.xib in Resources */,
				D5E513BA1B8E111A0035ECAA /* AveriaLibre-B.ttf in Resources */,
				D50175BE1B5FEFD000DB8314 /* Secondary.storyboard in Resources */,
				D5AD5C911B78FC0500A8B96C /* duplicate.xib in Resources */,
				D575E25D1B766CD800C22F0B /* My View.xib in Resources */,
				D5AD5C941B78FC4E00A8B96C /* Duplicate.xib in Resources */,
				D55C6CC51B5D757300301B0D /* Main.storyboard in Resources */,
				D5E513BD1B8E111A0035ECAA /* AveriaLibre.ttf in Resources */,
				D5E513BC1B8E111A0035ECAA /* AveriaLibre-L.ttf in Resources */,
				D55C6CCA1B5D757300301B0D /* LaunchScreen.xib in Resources */,
				D5AD5C991B7A7CE700A8B96C /* Duplicate.storyboard in Resources */,
				D5AD5CA11B7A926200A8B96C /* DuplicateCellView.xib in Resources */,
				D5AD5C971B7A7CDA00A8B96C /* duplicate.storyboard in Resources */,
				D5AD5C9D1B7A901F00A8B96C /* ADuplicateCellView.xib in Resources */,
				D55C6CC71B5D757300301B0D /* Images.xcassets in Resources */,
				D5E513BE1B8E111A0035ECAA /* GdyBkltter1911.ttf in Resources */,
			);
			runOnlyForDeploymentPostprocessing = 0;
		};
		D55C6CCD1B5D757300301B0D /* Resources */ = {
			isa = PBXResourcesBuildPhase;
			buildActionMask = 2147483647;
			files = (
				D5FAD9091B63B05700ECE230 /* Images.xcassets in Resources */,
				D58AF2811B708CB300FB2A4E /* rswift.log in Resources */,
			);
			runOnlyForDeploymentPostprocessing = 0;
		};
/* End PBXResourcesBuildPhase section */

/* Begin PBXShellScriptBuildPhase section */
		D55C6CED1B5E172900301B0D /* R.swift */ = {
			isa = PBXShellScriptBuildPhase;
			buildActionMask = 2147483647;
			files = (
			);
			inputPaths = (
			);
			name = R.swift;
			outputPaths = (
			);
			runOnlyForDeploymentPostprocessing = 0;
			shellPath = /bin/sh;
			shellScript = "\"$SRCROOT/rswift\" \"$PROJECT_FILE_PATH\" \"$TARGET_NAME\" \"$INFOPLIST_FILE/..\" > \"$SRCROOT/rswift.log\"";
		};
/* End PBXShellScriptBuildPhase section */

/* Begin PBXSourcesBuildPhase section */
		D55C6CB41B5D757300301B0D /* Sources */ = {
			isa = PBXSourcesBuildPhase;
			buildActionMask = 2147483647;
			files = (
				D5AD5C9F1B7A924000A8B96C /* AppDelegate.swift in Sources */,
				D55C6CC21B5D757300301B0D /* SecondViewController.swift in Sources */,
				D55C6CC01B5D757300301B0D /* FirstViewController.swift in Sources */,
				D5CBCE491B7682B800C5D96B /* MyViewController.swift in Sources */,
				D5DE480E1B5E1CC7000F6A85 /* R.generated.swift in Sources */,
			);
			runOnlyForDeploymentPostprocessing = 0;
		};
		D55C6CCB1B5D757300301B0D /* Sources */ = {
			isa = PBXSourcesBuildPhase;
			buildActionMask = 2147483647;
			files = (
				D5E513C01B8E11810035ECAA /* FontsTests.swift in Sources */,
				D5EB326F1B63AD6B005C7B47 /* ImagesTests.swift in Sources */,
				D51F47231B8FAF9F0028BAFD /* NibTests.swift in Sources */,
				D55C6CD61B5D757300301B0D /* ResourceAppTests.swift in Sources */,
				D5EB32701B63AD6B005C7B47 /* ValidationTests.swift in Sources */,
			);
			runOnlyForDeploymentPostprocessing = 0;
		};
/* End PBXSourcesBuildPhase section */

/* Begin PBXTargetDependency section */
		D55C6CD11B5D757300301B0D /* PBXTargetDependency */ = {
			isa = PBXTargetDependency;
			target = D55C6CB71B5D757300301B0D /* ResourceApp */;
			targetProxy = D55C6CD01B5D757300301B0D /* PBXContainerItemProxy */;
		};
/* End PBXTargetDependency section */

/* Begin PBXVariantGroup section */
		D50175BC1B5FEFD000DB8314 /* Secondary.storyboard */ = {
			isa = PBXVariantGroup;
			children = (
				D50175BD1B5FEFD000DB8314 /* Base */,
			);
			name = Secondary.storyboard;
			sourceTree = "<group>";
		};
		D55C6CC31B5D757300301B0D /* Main.storyboard */ = {
			isa = PBXVariantGroup;
			children = (
				D55C6CC41B5D757300301B0D /* Base */,
			);
			name = Main.storyboard;
			sourceTree = "<group>";
		};
		D55C6CC81B5D757300301B0D /* LaunchScreen.xib */ = {
			isa = PBXVariantGroup;
			children = (
				D55C6CC91B5D757300301B0D /* Base */,
			);
			name = LaunchScreen.xib;
			sourceTree = "<group>";
		};
/* End PBXVariantGroup section */

/* Begin XCBuildConfiguration section */
		D55C6CD71B5D757300301B0D /* Debug */ = {
			isa = XCBuildConfiguration;
			buildSettings = {
				ALWAYS_SEARCH_USER_PATHS = NO;
				CLANG_CXX_LANGUAGE_STANDARD = "gnu++0x";
				CLANG_CXX_LIBRARY = "libc++";
				CLANG_ENABLE_MODULES = YES;
				CLANG_ENABLE_OBJC_ARC = YES;
				CLANG_WARN_BOOL_CONVERSION = YES;
				CLANG_WARN_CONSTANT_CONVERSION = YES;
				CLANG_WARN_DIRECT_OBJC_ISA_USAGE = YES_ERROR;
				CLANG_WARN_EMPTY_BODY = YES;
				CLANG_WARN_ENUM_CONVERSION = YES;
				CLANG_WARN_INT_CONVERSION = YES;
				CLANG_WARN_OBJC_ROOT_CLASS = YES_ERROR;
				CLANG_WARN_UNREACHABLE_CODE = YES;
				CLANG_WARN__DUPLICATE_METHOD_MATCH = YES;
				"CODE_SIGN_IDENTITY[sdk=iphoneos*]" = "iPhone Developer";
				COPY_PHASE_STRIP = NO;
				DEBUG_INFORMATION_FORMAT = "dwarf-with-dsym";
				ENABLE_STRICT_OBJC_MSGSEND = YES;
				ENABLE_TESTABILITY = YES;
				GCC_C_LANGUAGE_STANDARD = gnu99;
				GCC_DYNAMIC_NO_PIC = NO;
				GCC_NO_COMMON_BLOCKS = YES;
				GCC_OPTIMIZATION_LEVEL = 0;
				GCC_PREPROCESSOR_DEFINITIONS = (
					"DEBUG=1",
					"$(inherited)",
				);
				GCC_SYMBOLS_PRIVATE_EXTERN = NO;
				GCC_WARN_64_TO_32_BIT_CONVERSION = YES;
				GCC_WARN_ABOUT_RETURN_TYPE = YES_ERROR;
				GCC_WARN_UNDECLARED_SELECTOR = YES;
				GCC_WARN_UNINITIALIZED_AUTOS = YES_AGGRESSIVE;
				GCC_WARN_UNUSED_FUNCTION = YES;
				GCC_WARN_UNUSED_VARIABLE = YES;
				IPHONEOS_DEPLOYMENT_TARGET = 8.4;
				MTL_ENABLE_DEBUG_INFO = YES;
				ONLY_ACTIVE_ARCH = YES;
				SDKROOT = iphoneos;
				SWIFT_OPTIMIZATION_LEVEL = "-Onone";
				TARGETED_DEVICE_FAMILY = "1,2";
			};
			name = Debug;
		};
		D55C6CD81B5D757300301B0D /* Release */ = {
			isa = XCBuildConfiguration;
			buildSettings = {
				ALWAYS_SEARCH_USER_PATHS = NO;
				CLANG_CXX_LANGUAGE_STANDARD = "gnu++0x";
				CLANG_CXX_LIBRARY = "libc++";
				CLANG_ENABLE_MODULES = YES;
				CLANG_ENABLE_OBJC_ARC = YES;
				CLANG_WARN_BOOL_CONVERSION = YES;
				CLANG_WARN_CONSTANT_CONVERSION = YES;
				CLANG_WARN_DIRECT_OBJC_ISA_USAGE = YES_ERROR;
				CLANG_WARN_EMPTY_BODY = YES;
				CLANG_WARN_ENUM_CONVERSION = YES;
				CLANG_WARN_INT_CONVERSION = YES;
				CLANG_WARN_OBJC_ROOT_CLASS = YES_ERROR;
				CLANG_WARN_UNREACHABLE_CODE = YES;
				CLANG_WARN__DUPLICATE_METHOD_MATCH = YES;
				"CODE_SIGN_IDENTITY[sdk=iphoneos*]" = "iPhone Developer";
				COPY_PHASE_STRIP = NO;
				DEBUG_INFORMATION_FORMAT = "dwarf-with-dsym";
				ENABLE_NS_ASSERTIONS = NO;
				ENABLE_STRICT_OBJC_MSGSEND = YES;
				GCC_C_LANGUAGE_STANDARD = gnu99;
				GCC_NO_COMMON_BLOCKS = YES;
				GCC_WARN_64_TO_32_BIT_CONVERSION = YES;
				GCC_WARN_ABOUT_RETURN_TYPE = YES_ERROR;
				GCC_WARN_UNDECLARED_SELECTOR = YES;
				GCC_WARN_UNINITIALIZED_AUTOS = YES_AGGRESSIVE;
				GCC_WARN_UNUSED_FUNCTION = YES;
				GCC_WARN_UNUSED_VARIABLE = YES;
				IPHONEOS_DEPLOYMENT_TARGET = 8.4;
				MTL_ENABLE_DEBUG_INFO = NO;
				SDKROOT = iphoneos;
				TARGETED_DEVICE_FAMILY = "1,2";
				VALIDATE_PRODUCT = YES;
			};
			name = Release;
		};
		D55C6CDA1B5D757300301B0D /* Debug */ = {
			isa = XCBuildConfiguration;
			buildSettings = {
				ASSETCATALOG_COMPILER_APPICON_NAME = AppIcon;
				INFOPLIST_FILE = ResourceApp/Info.plist;
				LD_RUNPATH_SEARCH_PATHS = "$(inherited) @executable_path/Frameworks";
				PRODUCT_BUNDLE_IDENTIFIER = "nl.mathijskadijk.$(PRODUCT_NAME:rfc1034identifier)";
				PRODUCT_NAME = "$(TARGET_NAME)";
			};
			name = Debug;
		};
		D55C6CDB1B5D757300301B0D /* Release */ = {
			isa = XCBuildConfiguration;
			buildSettings = {
				ASSETCATALOG_COMPILER_APPICON_NAME = AppIcon;
				INFOPLIST_FILE = ResourceApp/Info.plist;
				LD_RUNPATH_SEARCH_PATHS = "$(inherited) @executable_path/Frameworks";
				PRODUCT_BUNDLE_IDENTIFIER = "nl.mathijskadijk.$(PRODUCT_NAME:rfc1034identifier)";
				PRODUCT_NAME = "$(TARGET_NAME)";
			};
			name = Release;
		};
		D55C6CDD1B5D757300301B0D /* Debug */ = {
			isa = XCBuildConfiguration;
			buildSettings = {
				BUNDLE_LOADER = "$(TEST_HOST)";
				FRAMEWORK_SEARCH_PATHS = (
					"$(SDKROOT)/Developer/Library/Frameworks",
					"$(inherited)",
				);
				GCC_PREPROCESSOR_DEFINITIONS = (
					"DEBUG=1",
					"$(inherited)",
				);
				INFOPLIST_FILE = ResourceAppTests/Info.plist;
				LD_RUNPATH_SEARCH_PATHS = "$(inherited) @executable_path/Frameworks @loader_path/Frameworks";
				PRODUCT_BUNDLE_IDENTIFIER = "nl.mathijskadijk.$(PRODUCT_NAME:rfc1034identifier)";
				PRODUCT_NAME = "$(TARGET_NAME)";
				TEST_HOST = "$(BUILT_PRODUCTS_DIR)/ResourceApp.app/ResourceApp";
			};
			name = Debug;
		};
		D55C6CDE1B5D757300301B0D /* Release */ = {
			isa = XCBuildConfiguration;
			buildSettings = {
				BUNDLE_LOADER = "$(TEST_HOST)";
				FRAMEWORK_SEARCH_PATHS = (
					"$(SDKROOT)/Developer/Library/Frameworks",
					"$(inherited)",
				);
				INFOPLIST_FILE = ResourceAppTests/Info.plist;
				LD_RUNPATH_SEARCH_PATHS = "$(inherited) @executable_path/Frameworks @loader_path/Frameworks";
				PRODUCT_BUNDLE_IDENTIFIER = "nl.mathijskadijk.$(PRODUCT_NAME:rfc1034identifier)";
				PRODUCT_NAME = "$(TARGET_NAME)";
				TEST_HOST = "$(BUILT_PRODUCTS_DIR)/ResourceApp.app/ResourceApp";
			};
			name = Release;
		};
/* End XCBuildConfiguration section */

/* Begin XCConfigurationList section */
		D55C6CB31B5D757300301B0D /* Build configuration list for PBXProject "ResourceApp" */ = {
			isa = XCConfigurationList;
			buildConfigurations = (
				D55C6CD71B5D757300301B0D /* Debug */,
				D55C6CD81B5D757300301B0D /* Release */,
			);
			defaultConfigurationIsVisible = 0;
			defaultConfigurationName = Release;
		};
		D55C6CD91B5D757300301B0D /* Build configuration list for PBXNativeTarget "ResourceApp" */ = {
			isa = XCConfigurationList;
			buildConfigurations = (
				D55C6CDA1B5D757300301B0D /* Debug */,
				D55C6CDB1B5D757300301B0D /* Release */,
			);
			defaultConfigurationIsVisible = 0;
			defaultConfigurationName = Release;
		};
		D55C6CDC1B5D757300301B0D /* Build configuration list for PBXNativeTarget "ResourceAppTests" */ = {
			isa = XCConfigurationList;
			buildConfigurations = (
				D55C6CDD1B5D757300301B0D /* Debug */,
				D55C6CDE1B5D757300301B0D /* Release */,
			);
			defaultConfigurationIsVisible = 0;
			defaultConfigurationName = Release;
		};
/* End XCConfigurationList section */
	};
	rootObject = D55C6CB01B5D757300301B0D /* Project object */;
}
