{
  "pins" : [
    {
      "identity" : "swift-argument-parser",
      "kind" : "remoteSourceControl",
      "location" : "https://github.com/apple/swift-argument-parser",
      "state" : {
        "revision" : "41982a3656a71c768319979febd796c6fd111d5c",
        "version" : "1.5.0"
      }
    },
    {
      "identity" : "xcodeedit",
      "kind" : "remoteSourceControl",
      "location" : "https://github.com/tomlokhorst/XcodeEdit",
      "state" : {
        "revision" : "0e550cdee72844b35431afc3a1e176042be6d0f0",
        "version" : "2.13.0"
      }
    }
  ],
  "version" : 2
}
