PODS:
  - R.swift.Library (1.1.0)

DEPENDENCIES:
  - R.swift.Library (from `./R.swift.Library`)

EXTERNAL SOURCES:
  R.swift.Library:
    :path: ./R.swift.Library

SPEC CHECKSUMS:
  R.swift.Library: 57a598f845c89dd1c92827201711089dbb10c6e8

PODFILE CHECKSUM: 9865f360dc3d87ca57c113956b2f0636a08597e7

COCOAPODS: 1.0.0
