PODS:
  - R.swift.Library (2.1.0)

DEPENDENCIES:
  - R.swift.Library (from `./R.swift.Library`)

EXTERNAL SOURCES:
  R.swift.Library:
    :path: ./R.swift.Library

SPEC CHECKSUMS:
  R.swift.Library: e5e077ed04f6867a95676af491650091b23518e9

PODFILE CHECKSUM: 9b36d458fc7d86e4195dd7d7a184ba971f24e516

COCOAPODS: 1.0.0
