PODS:
  - R.swift.Library (3.0.0)

DEPENDENCIES:
  - R.swift.Library (from `./R.swift.Library`)

EXTERNAL SOURCES:
  R.swift.Library:
    :path: ./R.swift.Library

SPEC CHECKSUMS:
  R.swift.Library: fed723da260519abed60044de7aaf19494cc4e1f

PODFILE CHECKSUM: 7cd35a355bad243c7a21d1bbcec5bf669a3e93b7

COCOAPODS: 1.1.0.rc.1
