<?xml version="1.0" encoding="UTF-8"?>
<Scheme
   LastUpgradeVersion = "0700"
   version = "1.3">
   <BuildAction
      parallelizeBuildables = "NO"
      buildImplicitDependencies = "YES">
      <BuildActionEntries>
         <BuildActionEntry
            buildForTesting = "NO"
            buildForRunning = "YES"
            buildForProfiling = "YES"
            buildForArchiving = "YES"
            buildForAnalyzing = "YES">
            <BuildableReference
               BuildableIdentifier = "primary"
               BlueprintIdentifier = "D5EA0DF31A3DF45600FFEBC4"
               BuildableName = "rswift"
               BlueprintName = "rswift"
               ReferencedContainer = "container:R.swift.xcodeproj">
            </BuildableReference>
         </BuildActionEntry>
         <BuildActionEntry
            buildForTesting = "YES"
            buildForRunning = "NO"
            buildForProfiling = "NO"
            buildForArchiving = "NO"
            buildForAnalyzing = "NO">
            <BuildableReference
               BuildableIdentifier = "primary"
               BlueprintIdentifier = "D5C4227C1B711FDF004EA9B9"
               BuildableName = "rswiftTests.xctest"
               BlueprintName = "rswiftTests"
               ReferencedContainer = "container:R.swift.xcodeproj">
            </BuildableReference>
         </BuildActionEntry>
      </BuildActionEntries>
   </BuildAction>
   <TestAction
      buildConfiguration = "Debug"
      selectedDebuggerIdentifier = "Xcode.DebuggerFoundation.Debugger.LLDB"
      selectedLauncherIdentifier = "Xcode.DebuggerFoundation.Launcher.LLDB"
      shouldUseLaunchSchemeArgsEnv = "YES">
      <Testables>
         <TestableReference
            skipped = "NO">
            <BuildableReference
               BuildableIdentifier = "primary"
               BlueprintIdentifier = "D5C4227C1B711FDF004EA9B9"
               BuildableName = "rswiftTests.xctest"
               BlueprintName = "rswiftTests"
               ReferencedContainer = "container:R.swift.xcodeproj">
            </BuildableReference>
         </TestableReference>
      </Testables>
      <MacroExpansion>
         <BuildableReference
            BuildableIdentifier = "primary"
            BlueprintIdentifier = "D5EA0DF31A3DF45600FFEBC4"
            BuildableName = "rswift"
            BlueprintName = "rswift"
            ReferencedContainer = "container:R.swift.xcodeproj">
         </BuildableReference>
      </MacroExpansion>
      <AdditionalOptions>
      </AdditionalOptions>
   </TestAction>
   <LaunchAction
      buildConfiguration = "Debug"
      selectedDebuggerIdentifier = "Xcode.DebuggerFoundation.Debugger.LLDB"
      selectedLauncherIdentifier = "Xcode.DebuggerFoundation.Launcher.LLDB"
      launchStyle = "0"
      useCustomWorkingDirectory = "NO"
      ignoresPersistentStateOnLaunch = "NO"
      debugDocumentVersioning = "YES"
      debugServiceExtension = "internal"
      allowLocationSimulation = "YES">
      <BuildableProductRunnable
         runnableDebuggingMode = "0">
         <BuildableReference
            BuildableIdentifier = "primary"
            BlueprintIdentifier = "D5EA0DF31A3DF45600FFEBC4"
            BuildableName = "rswift"
            BlueprintName = "rswift"
            ReferencedContainer = "container:R.swift.xcodeproj">
         </BuildableReference>
      </BuildableProductRunnable>
      <CommandLineArguments>
         <CommandLineArgument
            argument = "--bundleIdentifier nl.mathijskadijk.ResourceApp"
            isEnabled = "YES">
         </CommandLineArgument>
         <CommandLineArgument
            argument = "$SRCROOT/ResourceApp"
            isEnabled = "YES">
         </CommandLineArgument>
      </CommandLineArguments>
      <EnvironmentVariables>
         <EnvironmentVariable
            key = "PROJECT_FILE_PATH"
            value = "$SRCROOT/ResourceApp/ResourceApp.xcodeproj"
            isEnabled = "YES">
         </EnvironmentVariable>
         <EnvironmentVariable
            key = "PRODUCT_MODULE_NAME"
            value = "ResourceApp"
            isEnabled = "YES">
         </EnvironmentVariable>
         <EnvironmentVariable
            key = "TARGET_NAME"
            value = "ResourceApp"
            isEnabled = "YES">
         </EnvironmentVariable>
         <EnvironmentVariable
            key = "BUILT_PRODUCTS_DIR"
            value = "/tmp"
            isEnabled = "YES">
         </EnvironmentVariable>
         <EnvironmentVariable
            key = "SDKROOT"
            value = "/Applications/Xcode.app/Contents/Developer/Platforms/iPhoneSimulator.platform/Developer/SDKs/iPhoneSimulator9.0.sdk"
            isEnabled = "YES">
         </EnvironmentVariable>
         <EnvironmentVariable
            key = "DEVELOPER_DIR"
            value = "/Applications/Xcode.app/Contents/Developer"
            isEnabled = "YES">
         </EnvironmentVariable>
         <EnvironmentVariable
            key = "SOURCE_ROOT"
            value = "$SRCROOT/ResourceApp/"
            isEnabled = "YES">
         </EnvironmentVariable>
      </EnvironmentVariables>
      <AdditionalOptions>
      </AdditionalOptions>
   </LaunchAction>
   <ProfileAction
      buildConfiguration = "Release"
      shouldUseLaunchSchemeArgsEnv = "YES"
      savedToolIdentifier = ""
      useCustomWorkingDirectory = "NO"
      debugDocumentVersioning = "YES">
      <BuildableProductRunnable
         runnableDebuggingMode = "0">
         <BuildableReference
            BuildableIdentifier = "primary"
            BlueprintIdentifier = "D5EA0DF31A3DF45600FFEBC4"
            BuildableName = "rswift"
            BlueprintName = "rswift"
            ReferencedContainer = "container:R.swift.xcodeproj">
         </BuildableReference>
      </BuildableProductRunnable>
   </ProfileAction>
   <AnalyzeAction
      buildConfiguration = "Debug">
   </AnalyzeAction>
   <ArchiveAction
      buildConfiguration = "Release"
      revealArchiveInOrganizer = "YES">
   </ArchiveAction>
</Scheme>
