// !$*UTF8*$!
{
	archiveVersion = 1;
	classes = {
	};
	objectVersion = 46;
	objects = {

/* Begin PBXBuildFile section */
		5D45C2191CA12913000B8DC9 /* StringsGenerator.swift in Sources */ = {isa = PBXBuildFile; fileRef = 5D997C941C7C291900B2F376 /* StringsGenerator.swift */; };
		5D997C951C7C291900B2F376 /* StringsGenerator.swift in Sources */ = {isa = PBXBuildFile; fileRef = 5D997C941C7C291900B2F376 /* StringsGenerator.swift */; };
		D5646DE41BE2016E0034F4D7 /* Extensions.swift in Sources */ = {isa = PBXBuildFile; fileRef = D5646DE11BE2016E0034F4D7 /* Extensions.swift */; };
		D5646DE51BE2016E0034F4D7 /* PBXObject.swift in Sources */ = {isa = PBXBuildFile; fileRef = D5646DE21BE2016E0034F4D7 /* PBXObject.swift */; };
		D5646DE61BE2016E0034F4D7 /* Serialization.swift in Sources */ = {isa = PBXBuildFile; fileRef = D5646DE31BE2016E0034F4D7 /* Serialization.swift */; };
		D56DC76D1C41758800623437 /* AccessModifier.swift in Sources */ = {isa = PBXBuildFile; fileRef = D56DC76C1C41758800623437 /* AccessModifier.swift */; };
		D56DC76E1C41770500623437 /* AccessModifier.swift in Sources */ = {isa = PBXBuildFile; fileRef = D56DC76C1C41758800623437 /* AccessModifier.swift */; };
		D56F923D1C29421600177FF7 /* TypeVar.swift in Sources */ = {isa = PBXBuildFile; fileRef = D56F923C1C29421600177FF7 /* TypeVar.swift */; };
		D56F923F1C2942B400177FF7 /* Struct+ChildValidation.swift in Sources */ = {isa = PBXBuildFile; fileRef = D56F923E1C2942B400177FF7 /* Struct+ChildValidation.swift */; };
		D56F92401C29475F00177FF7 /* Struct+ChildValidation.swift in Sources */ = {isa = PBXBuildFile; fileRef = D56F923E1C2942B400177FF7 /* Struct+ChildValidation.swift */; };
		D56F92411C29476700177FF7 /* TypeVar.swift in Sources */ = {isa = PBXBuildFile; fileRef = D56F923C1C29421600177FF7 /* TypeVar.swift */; };
		D579466B1B9347C20044D2FC /* XCProjectFile.swift in Sources */ = {isa = PBXBuildFile; fileRef = D579466A1B9347C20044D2FC /* XCProjectFile.swift */; };
		D58672491C21FC9700A760EC /* TypeSequenceProvider.swift in Sources */ = {isa = PBXBuildFile; fileRef = D58672481C21FC9700A760EC /* TypeSequenceProvider.swift */; };
		D586724A1C21FF7D00A760EC /* TypeSequenceProvider.swift in Sources */ = {isa = PBXBuildFile; fileRef = D58672481C21FC9700A760EC /* TypeSequenceProvider.swift */; };
		D586D1C61BE20D8600F18FEC /* Extensions.swift in Sources */ = {isa = PBXBuildFile; fileRef = D5646DE11BE2016E0034F4D7 /* Extensions.swift */; };
		D586D1C71BE20D8600F18FEC /* PBXObject.swift in Sources */ = {isa = PBXBuildFile; fileRef = D5646DE21BE2016E0034F4D7 /* PBXObject.swift */; };
		D586D1C81BE20D8600F18FEC /* Serialization.swift in Sources */ = {isa = PBXBuildFile; fileRef = D5646DE31BE2016E0034F4D7 /* Serialization.swift */; };
		D59F72261C1963DA0089767C /* Type.swift in Sources */ = {isa = PBXBuildFile; fileRef = D59F72251C1963DA0089767C /* Type.swift */; };
		D59F72271C1963DA0089767C /* Type.swift in Sources */ = {isa = PBXBuildFile; fileRef = D59F72251C1963DA0089767C /* Type.swift */; };
		D59F72291C1963EA0089767C /* Struct.swift in Sources */ = {isa = PBXBuildFile; fileRef = D59F72281C1963EA0089767C /* Struct.swift */; };
		D59F722A1C1963EA0089767C /* Struct.swift in Sources */ = {isa = PBXBuildFile; fileRef = D59F72281C1963EA0089767C /* Struct.swift */; };
		D59F72301C19644F0089767C /* Function.swift in Sources */ = {isa = PBXBuildFile; fileRef = D59F722F1C19644F0089767C /* Function.swift */; };
		D59F72311C19644F0089767C /* Function.swift in Sources */ = {isa = PBXBuildFile; fileRef = D59F722F1C19644F0089767C /* Function.swift */; };
		D59F72391C1964950089767C /* Var.swift in Sources */ = {isa = PBXBuildFile; fileRef = D59F72381C1964950089767C /* Var.swift */; };
		D59F723A1C1964950089767C /* Var.swift in Sources */ = {isa = PBXBuildFile; fileRef = D59F72381C1964950089767C /* Var.swift */; };
		D59F723C1C1964B20089767C /* Typealias.swift in Sources */ = {isa = PBXBuildFile; fileRef = D59F723B1C1964B20089767C /* Typealias.swift */; };
		D59F723D1C1964B20089767C /* Typealias.swift in Sources */ = {isa = PBXBuildFile; fileRef = D59F723B1C1964B20089767C /* Typealias.swift */; };
		D59F723F1C19651F0089767C /* ReusableContainer.swift in Sources */ = {isa = PBXBuildFile; fileRef = D59F723E1C19651F0089767C /* ReusableContainer.swift */; };
		D59F72401C19651F0089767C /* ReusableContainer.swift in Sources */ = {isa = PBXBuildFile; fileRef = D59F723E1C19651F0089767C /* ReusableContainer.swift */; };
		D5A0A82A1C47920A0089ED2C /* SwiftCodeConverible.swift in Sources */ = {isa = PBXBuildFile; fileRef = D5A0A8291C47920A0089ED2C /* SwiftCodeConverible.swift */; };
		D5A0A82C1C4792210089ED2C /* TypePrinter.swift in Sources */ = {isa = PBXBuildFile; fileRef = D5A0A82B1C4792210089ED2C /* TypePrinter.swift */; };
		D5A0A82D1C4793C20089ED2C /* SwiftCodeConverible.swift in Sources */ = {isa = PBXBuildFile; fileRef = D5A0A8291C47920A0089ED2C /* SwiftCodeConverible.swift */; };
		D5A0A82E1C4793C20089ED2C /* TypePrinter.swift in Sources */ = {isa = PBXBuildFile; fileRef = D5A0A82B1C4792210089ED2C /* TypePrinter.swift */; };
		D5B129AF1C3BA5F900A1C5FC /* Let.swift in Sources */ = {isa = PBXBuildFile; fileRef = D5B129AE1C3BA5F900A1C5FC /* Let.swift */; };
		D5B129B11C3BA65C00A1C5FC /* Property.swift in Sources */ = {isa = PBXBuildFile; fileRef = D5B129B01C3BA65C00A1C5FC /* Property.swift */; };
		D5B129B21C3BA75A00A1C5FC /* Property.swift in Sources */ = {isa = PBXBuildFile; fileRef = D5B129B01C3BA65C00A1C5FC /* Property.swift */; };
		D5B129B31C3BA75A00A1C5FC /* Let.swift in Sources */ = {isa = PBXBuildFile; fileRef = D5B129AE1C3BA5F900A1C5FC /* Let.swift */; };
		D5B799641C19937C009EA901 /* ImageGenerator.swift in Sources */ = {isa = PBXBuildFile; fileRef = D5B799631C19937C009EA901 /* ImageGenerator.swift */; };
		D5B799661C19939D009EA901 /* SegueGenerator.swift in Sources */ = {isa = PBXBuildFile; fileRef = D5B799651C19939D009EA901 /* SegueGenerator.swift */; };
		D5B799681C1993B7009EA901 /* StoryboardGenerator.swift in Sources */ = {isa = PBXBuildFile; fileRef = D5B799671C1993B7009EA901 /* StoryboardGenerator.swift */; };
		D5B7996A1C1993E3009EA901 /* NibGenerator.swift in Sources */ = {isa = PBXBuildFile; fileRef = D5B799691C1993E3009EA901 /* NibGenerator.swift */; };
		D5B7996C1C1993F8009EA901 /* ReuseIdentifierGenerator.swift in Sources */ = {isa = PBXBuildFile; fileRef = D5B7996B1C1993F8009EA901 /* ReuseIdentifierGenerator.swift */; };
		D5B7996E1C19940F009EA901 /* ResourceFileGenerator.swift in Sources */ = {isa = PBXBuildFile; fileRef = D5B7996D1C19940F009EA901 /* ResourceFileGenerator.swift */; };
		D5B799701C199420009EA901 /* FontGenerator.swift in Sources */ = {isa = PBXBuildFile; fileRef = D5B7996F1C199420009EA901 /* FontGenerator.swift */; };
		D5B799711C199755009EA901 /* FontGenerator.swift in Sources */ = {isa = PBXBuildFile; fileRef = D5B7996F1C199420009EA901 /* FontGenerator.swift */; };
		D5B799721C199755009EA901 /* ImageGenerator.swift in Sources */ = {isa = PBXBuildFile; fileRef = D5B799631C19937C009EA901 /* ImageGenerator.swift */; };
		D5B799731C199755009EA901 /* NibGenerator.swift in Sources */ = {isa = PBXBuildFile; fileRef = D5B799691C1993E3009EA901 /* NibGenerator.swift */; };
		D5B799741C199755009EA901 /* ResourceFileGenerator.swift in Sources */ = {isa = PBXBuildFile; fileRef = D5B7996D1C19940F009EA901 /* ResourceFileGenerator.swift */; };
		D5B799751C199755009EA901 /* ReuseIdentifierGenerator.swift in Sources */ = {isa = PBXBuildFile; fileRef = D5B7996B1C1993F8009EA901 /* ReuseIdentifierGenerator.swift */; };
		D5B799761C199755009EA901 /* SegueGenerator.swift in Sources */ = {isa = PBXBuildFile; fileRef = D5B799651C19939D009EA901 /* SegueGenerator.swift */; };
		D5B799771C199755009EA901 /* StoryboardGenerator.swift in Sources */ = {isa = PBXBuildFile; fileRef = D5B799671C1993B7009EA901 /* StoryboardGenerator.swift */; };
		D5B799791C19C082009EA901 /* WhiteListedExtensionsResourceType.swift in Sources */ = {isa = PBXBuildFile; fileRef = D5B799781C19C082009EA901 /* WhiteListedExtensionsResourceType.swift */; };
		D5B7997A1C19C1BD009EA901 /* WhiteListedExtensionsResourceType.swift in Sources */ = {isa = PBXBuildFile; fileRef = D5B799781C19C082009EA901 /* WhiteListedExtensionsResourceType.swift */; };
		D5B7997D1C1B07C3009EA901 /* SanitizedSwiftName.swift in Sources */ = {isa = PBXBuildFile; fileRef = D5B7997C1C1B07C3009EA901 /* SanitizedSwiftName.swift */; };
		D5B7997F1C1B07EB009EA901 /* ErrorOutput.swift in Sources */ = {isa = PBXBuildFile; fileRef = D5B7997E1C1B07EB009EA901 /* ErrorOutput.swift */; };
		D5B799801C1B0943009EA901 /* SanitizedSwiftName.swift in Sources */ = {isa = PBXBuildFile; fileRef = D5B7997C1C1B07C3009EA901 /* SanitizedSwiftName.swift */; };
		D5B799811C1B0943009EA901 /* ErrorOutput.swift in Sources */ = {isa = PBXBuildFile; fileRef = D5B7997E1C1B07EB009EA901 /* ErrorOutput.swift */; };
		D5B799831C1B8C78009EA901 /* Module.swift in Sources */ = {isa = PBXBuildFile; fileRef = D5B799821C1B8C78009EA901 /* Module.swift */; };
		D5B7998A1C1B91A9009EA901 /* Module.swift in Sources */ = {isa = PBXBuildFile; fileRef = D5B799821C1B8C78009EA901 /* Module.swift */; };
		D5C5A8EF1BB7196000163E71 /* Core.swift in Sources */ = {isa = PBXBuildFile; fileRef = D5C5A8EE1BB7196000163E71 /* Core.swift */; };
		D5CD9B3C1B98258700C85F8C /* input.swift in Sources */ = {isa = PBXBuildFile; fileRef = D5CD9B3B1B98258700C85F8C /* input.swift */; };
		D5DA249D1B9CB1BF00AAA43E /* ResourceGenerator.swift in Sources */ = {isa = PBXBuildFile; fileRef = D5DA249C1B9CB1BF00AAA43E /* ResourceGenerator.swift */; };
		D5EA0DF81A3DF45600FFEBC4 /* main.swift in Sources */ = {isa = PBXBuildFile; fileRef = D5EA0DF71A3DF45600FFEBC4 /* main.swift */; };
		D5EA0DFF1A3DF4E300FFEBC4 /* UtilExtensions.swift in Sources */ = {isa = PBXBuildFile; fileRef = D5EA0DFE1A3DF4E300FFEBC4 /* UtilExtensions.swift */; };
		D5F12D411BDACB87009A2C88 /* main.swift in Sources */ = {isa = PBXBuildFile; fileRef = D5EA0DF71A3DF45600FFEBC4 /* main.swift */; };
		D5F12D421BDACB87009A2C88 /* input.swift in Sources */ = {isa = PBXBuildFile; fileRef = D5CD9B3B1B98258700C85F8C /* input.swift */; };
		D5F12D431BDACB87009A2C88 /* ResourceGenerator.swift in Sources */ = {isa = PBXBuildFile; fileRef = D5DA249C1B9CB1BF00AAA43E /* ResourceGenerator.swift */; };
		D5F12D461BDACB87009A2C88 /* UtilExtensions.swift in Sources */ = {isa = PBXBuildFile; fileRef = D5EA0DFE1A3DF4E300FFEBC4 /* UtilExtensions.swift */; };
		D5F12D481BDACB8E009A2C88 /* XCProjectFile.swift in Sources */ = {isa = PBXBuildFile; fileRef = D579466A1B9347C20044D2FC /* XCProjectFile.swift */; };
		D5F12D491BDACB90009A2C88 /* Core.swift in Sources */ = {isa = PBXBuildFile; fileRef = D5C5A8EE1BB7196000163E71 /* Core.swift */; };
		D5F795C11BB9983900844EA2 /* MainTests.swift in Sources */ = {isa = PBXBuildFile; fileRef = D5F795C01BB9983900844EA2 /* MainTests.swift */; };
		D5F97E381C178A4F0066D7C0 /* Resources.swift in Sources */ = {isa = PBXBuildFile; fileRef = D5F97E371C178A4F0066D7C0 /* Resources.swift */; };
		D5F97E3A1C1812AE0066D7C0 /* Font.swift in Sources */ = {isa = PBXBuildFile; fileRef = D5F97E391C1812AE0066D7C0 /* Font.swift */; };
		D5F97E3C1C1813A70066D7C0 /* Storyboard.swift in Sources */ = {isa = PBXBuildFile; fileRef = D5F97E3B1C1813A70066D7C0 /* Storyboard.swift */; };
		D5F97E3E1C1815780066D7C0 /* Xcodeproj.swift in Sources */ = {isa = PBXBuildFile; fileRef = D5F97E3D1C1815780066D7C0 /* Xcodeproj.swift */; };
		D5F97E401C1815E70066D7C0 /* AssetFolder.swift in Sources */ = {isa = PBXBuildFile; fileRef = D5F97E3F1C1815E70066D7C0 /* AssetFolder.swift */; };
		D5F97E421C1816360066D7C0 /* Image.swift in Sources */ = {isa = PBXBuildFile; fileRef = D5F97E411C1816360066D7C0 /* Image.swift */; };
		D5F97E441C1816790066D7C0 /* ResourceFile.swift in Sources */ = {isa = PBXBuildFile; fileRef = D5F97E431C1816790066D7C0 /* ResourceFile.swift */; };
		D5F97E461C18169E0066D7C0 /* Nib.swift in Sources */ = {isa = PBXBuildFile; fileRef = D5F97E451C18169E0066D7C0 /* Nib.swift */; };
		D5F97E471C1819160066D7C0 /* Resources.swift in Sources */ = {isa = PBXBuildFile; fileRef = D5F97E371C178A4F0066D7C0 /* Resources.swift */; };
		D5F97E481C1819160066D7C0 /* Xcodeproj.swift in Sources */ = {isa = PBXBuildFile; fileRef = D5F97E3D1C1815780066D7C0 /* Xcodeproj.swift */; };
		D5F97E491C1819160066D7C0 /* Font.swift in Sources */ = {isa = PBXBuildFile; fileRef = D5F97E391C1812AE0066D7C0 /* Font.swift */; };
		D5F97E4A1C1819160066D7C0 /* Storyboard.swift in Sources */ = {isa = PBXBuildFile; fileRef = D5F97E3B1C1813A70066D7C0 /* Storyboard.swift */; };
		D5F97E4B1C1819160066D7C0 /* AssetFolder.swift in Sources */ = {isa = PBXBuildFile; fileRef = D5F97E3F1C1815E70066D7C0 /* AssetFolder.swift */; };
		D5F97E4C1C1819160066D7C0 /* Image.swift in Sources */ = {isa = PBXBuildFile; fileRef = D5F97E411C1816360066D7C0 /* Image.swift */; };
		D5F97E4D1C1819160066D7C0 /* ResourceFile.swift in Sources */ = {isa = PBXBuildFile; fileRef = D5F97E431C1816790066D7C0 /* ResourceFile.swift */; };
		D5F97E4E1C1819160066D7C0 /* Nib.swift in Sources */ = {isa = PBXBuildFile; fileRef = D5F97E451C18169E0066D7C0 /* Nib.swift */; };
		E2156B8E1CC5254A00F341DC /* StringParam.swift in Sources */ = {isa = PBXBuildFile; fileRef = E2156B8D1CC5254A00F341DC /* StringParam.swift */; };
		E2156B8F1CC5255000F341DC /* StringParam.swift in Sources */ = {isa = PBXBuildFile; fileRef = E2156B8D1CC5254A00F341DC /* StringParam.swift */; };
		E22D43631C9582CA00692FFF /* ColorGenerator.swift in Sources */ = {isa = PBXBuildFile; fileRef = E22D43621C9582CA00692FFF /* ColorGenerator.swift */; };
		E22D43651C95845200692FFF /* ColorPalette.swift in Sources */ = {isa = PBXBuildFile; fileRef = E22D43641C95845200692FFF /* ColorPalette.swift */; };
		E241E4A11CD6545200F449E3 /* Unifiable.swift in Sources */ = {isa = PBXBuildFile; fileRef = E2A918741CD4B61200394F6F /* Unifiable.swift */; };
		E24720CB1C96B6A600DF291D /* ColorPalette.swift in Sources */ = {isa = PBXBuildFile; fileRef = E22D43641C95845200692FFF /* ColorPalette.swift */; };
		E24720CC1C96B6AB00DF291D /* ColorGenerator.swift in Sources */ = {isa = PBXBuildFile; fileRef = E22D43621C9582CA00692FFF /* ColorGenerator.swift */; };
		E2762AC71CCCEC2A0009BCAA /* Locale.swift in Sources */ = {isa = PBXBuildFile; fileRef = E2762AC61CCCEC2A0009BCAA /* Locale.swift */; };
		E2762AC91CCCEE120009BCAA /* Locale.swift in Sources */ = {isa = PBXBuildFile; fileRef = E2762AC61CCCEC2A0009BCAA /* Locale.swift */; };
		E2762ACF1CCD0B970009BCAA /* LocalizableStrings.swift in Sources */ = {isa = PBXBuildFile; fileRef = E2762ACE1CCD0B970009BCAA /* LocalizableStrings.swift */; };
		E2762AD01CCD0CF90009BCAA /* LocalizableStrings.swift in Sources */ = {isa = PBXBuildFile; fileRef = E2762ACE1CCD0B970009BCAA /* LocalizableStrings.swift */; };
		E2A918751CD4B61200394F6F /* Unifiable.swift in Sources */ = {isa = PBXBuildFile; fileRef = E2A918741CD4B61200394F6F /* Unifiable.swift */; };
/* End PBXBuildFile section */

/* Begin PBXFileReference section */
		5D997C941C7C291900B2F376 /* StringsGenerator.swift */ = {isa = PBXFileReference; fileEncoding = 4; lastKnownFileType = sourcecode.swift; path = StringsGenerator.swift; sourceTree = "<group>"; };
		D5646DE11BE2016E0034F4D7 /* Extensions.swift */ = {isa = PBXFileReference; fileEncoding = 4; lastKnownFileType = sourcecode.swift; path = Extensions.swift; sourceTree = "<group>"; };
		D5646DE21BE2016E0034F4D7 /* PBXObject.swift */ = {isa = PBXFileReference; fileEncoding = 4; lastKnownFileType = sourcecode.swift; path = PBXObject.swift; sourceTree = "<group>"; };
		D5646DE31BE2016E0034F4D7 /* Serialization.swift */ = {isa = PBXFileReference; fileEncoding = 4; lastKnownFileType = sourcecode.swift; path = Serialization.swift; sourceTree = "<group>"; };
		D56DC76C1C41758800623437 /* AccessModifier.swift */ = {isa = PBXFileReference; fileEncoding = 4; lastKnownFileType = sourcecode.swift; path = AccessModifier.swift; sourceTree = "<group>"; };
		D56F923C1C29421600177FF7 /* TypeVar.swift */ = {isa = PBXFileReference; fileEncoding = 4; lastKnownFileType = sourcecode.swift; path = TypeVar.swift; sourceTree = "<group>"; };
		D56F923E1C2942B400177FF7 /* Struct+ChildValidation.swift */ = {isa = PBXFileReference; fileEncoding = 4; lastKnownFileType = sourcecode.swift; path = "Struct+ChildValidation.swift"; sourceTree = "<group>"; };
		D579466A1B9347C20044D2FC /* XCProjectFile.swift */ = {isa = PBXFileReference; fileEncoding = 4; lastKnownFileType = sourcecode.swift; path = XCProjectFile.swift; sourceTree = "<group>"; };
		D58672481C21FC9700A760EC /* TypeSequenceProvider.swift */ = {isa = PBXFileReference; fileEncoding = 4; lastKnownFileType = sourcecode.swift; path = TypeSequenceProvider.swift; sourceTree = "<group>"; };
		D59F72251C1963DA0089767C /* Type.swift */ = {isa = PBXFileReference; fileEncoding = 4; lastKnownFileType = sourcecode.swift; path = Type.swift; sourceTree = "<group>"; };
		D59F72281C1963EA0089767C /* Struct.swift */ = {isa = PBXFileReference; fileEncoding = 4; lastKnownFileType = sourcecode.swift; path = Struct.swift; sourceTree = "<group>"; };
		D59F722F1C19644F0089767C /* Function.swift */ = {isa = PBXFileReference; fileEncoding = 4; lastKnownFileType = sourcecode.swift; path = Function.swift; sourceTree = "<group>"; };
		D59F72381C1964950089767C /* Var.swift */ = {isa = PBXFileReference; fileEncoding = 4; lastKnownFileType = sourcecode.swift; path = Var.swift; sourceTree = "<group>"; };
		D59F723B1C1964B20089767C /* Typealias.swift */ = {isa = PBXFileReference; fileEncoding = 4; lastKnownFileType = sourcecode.swift; path = Typealias.swift; sourceTree = "<group>"; };
		D59F723E1C19651F0089767C /* ReusableContainer.swift */ = {isa = PBXFileReference; fileEncoding = 4; lastKnownFileType = sourcecode.swift; path = ReusableContainer.swift; sourceTree = "<group>"; };
		D5A0A8291C47920A0089ED2C /* SwiftCodeConverible.swift */ = {isa = PBXFileReference; fileEncoding = 4; lastKnownFileType = sourcecode.swift; path = SwiftCodeConverible.swift; sourceTree = "<group>"; };
		D5A0A82B1C4792210089ED2C /* TypePrinter.swift */ = {isa = PBXFileReference; fileEncoding = 4; lastKnownFileType = sourcecode.swift; path = TypePrinter.swift; sourceTree = "<group>"; };
		D5B129AE1C3BA5F900A1C5FC /* Let.swift */ = {isa = PBXFileReference; fileEncoding = 4; lastKnownFileType = sourcecode.swift; path = Let.swift; sourceTree = "<group>"; };
		D5B129B01C3BA65C00A1C5FC /* Property.swift */ = {isa = PBXFileReference; fileEncoding = 4; lastKnownFileType = sourcecode.swift; path = Property.swift; sourceTree = "<group>"; };
		D5B799631C19937C009EA901 /* ImageGenerator.swift */ = {isa = PBXFileReference; fileEncoding = 4; lastKnownFileType = sourcecode.swift; path = ImageGenerator.swift; sourceTree = "<group>"; };
		D5B799651C19939D009EA901 /* SegueGenerator.swift */ = {isa = PBXFileReference; fileEncoding = 4; lastKnownFileType = sourcecode.swift; path = SegueGenerator.swift; sourceTree = "<group>"; };
		D5B799671C1993B7009EA901 /* StoryboardGenerator.swift */ = {isa = PBXFileReference; fileEncoding = 4; lastKnownFileType = sourcecode.swift; path = StoryboardGenerator.swift; sourceTree = "<group>"; };
		D5B799691C1993E3009EA901 /* NibGenerator.swift */ = {isa = PBXFileReference; fileEncoding = 4; lastKnownFileType = sourcecode.swift; path = NibGenerator.swift; sourceTree = "<group>"; };
		D5B7996B1C1993F8009EA901 /* ReuseIdentifierGenerator.swift */ = {isa = PBXFileReference; fileEncoding = 4; lastKnownFileType = sourcecode.swift; path = ReuseIdentifierGenerator.swift; sourceTree = "<group>"; };
		D5B7996D1C19940F009EA901 /* ResourceFileGenerator.swift */ = {isa = PBXFileReference; fileEncoding = 4; lastKnownFileType = sourcecode.swift; path = ResourceFileGenerator.swift; sourceTree = "<group>"; };
		D5B7996F1C199420009EA901 /* FontGenerator.swift */ = {isa = PBXFileReference; fileEncoding = 4; lastKnownFileType = sourcecode.swift; path = FontGenerator.swift; sourceTree = "<group>"; };
		D5B799781C19C082009EA901 /* WhiteListedExtensionsResourceType.swift */ = {isa = PBXFileReference; fileEncoding = 4; lastKnownFileType = sourcecode.swift; path = WhiteListedExtensionsResourceType.swift; sourceTree = "<group>"; };
		D5B7997C1C1B07C3009EA901 /* SanitizedSwiftName.swift */ = {isa = PBXFileReference; fileEncoding = 4; lastKnownFileType = sourcecode.swift; path = SanitizedSwiftName.swift; sourceTree = "<group>"; };
		D5B7997E1C1B07EB009EA901 /* ErrorOutput.swift */ = {isa = PBXFileReference; fileEncoding = 4; lastKnownFileType = sourcecode.swift; path = ErrorOutput.swift; sourceTree = "<group>"; };
		D5B799821C1B8C78009EA901 /* Module.swift */ = {isa = PBXFileReference; fileEncoding = 4; lastKnownFileType = sourcecode.swift; path = Module.swift; sourceTree = "<group>"; };
		D5C4227D1B711FDF004EA9B9 /* rswiftTests.xctest */ = {isa = PBXFileReference; explicitFileType = wrapper.cfbundle; includeInIndex = 0; path = rswiftTests.xctest; sourceTree = BUILT_PRODUCTS_DIR; };
		D5C422811B711FDF004EA9B9 /* Info.plist */ = {isa = PBXFileReference; lastKnownFileType = text.plist.xml; path = Info.plist; sourceTree = "<group>"; };
		D5C5A8EE1BB7196000163E71 /* Core.swift */ = {isa = PBXFileReference; fileEncoding = 4; lastKnownFileType = sourcecode.swift; path = Core.swift; sourceTree = "<group>"; };
		D5CD9B3B1B98258700C85F8C /* input.swift */ = {isa = PBXFileReference; fileEncoding = 4; lastKnownFileType = sourcecode.swift; path = input.swift; sourceTree = "<group>"; };
		D5DA249C1B9CB1BF00AAA43E /* ResourceGenerator.swift */ = {isa = PBXFileReference; fileEncoding = 4; lastKnownFileType = sourcecode.swift; path = ResourceGenerator.swift; sourceTree = "<group>"; };
		D5EA0DF41A3DF45600FFEBC4 /* rswift */ = {isa = PBXFileReference; explicitFileType = "compiled.mach-o.executable"; includeInIndex = 0; path = rswift; sourceTree = BUILT_PRODUCTS_DIR; };
		D5EA0DF71A3DF45600FFEBC4 /* main.swift */ = {isa = PBXFileReference; lastKnownFileType = sourcecode.swift; path = main.swift; sourceTree = "<group>"; };
		D5EA0DFE1A3DF4E300FFEBC4 /* UtilExtensions.swift */ = {isa = PBXFileReference; fileEncoding = 4; lastKnownFileType = sourcecode.swift; path = UtilExtensions.swift; sourceTree = "<group>"; };
		D5F795C01BB9983900844EA2 /* MainTests.swift */ = {isa = PBXFileReference; fileEncoding = 4; lastKnownFileType = sourcecode.swift; path = MainTests.swift; sourceTree = "<group>"; };
		D5F97E371C178A4F0066D7C0 /* Resources.swift */ = {isa = PBXFileReference; fileEncoding = 4; lastKnownFileType = sourcecode.swift; path = Resources.swift; sourceTree = "<group>"; };
		D5F97E391C1812AE0066D7C0 /* Font.swift */ = {isa = PBXFileReference; fileEncoding = 4; lastKnownFileType = sourcecode.swift; path = Font.swift; sourceTree = "<group>"; };
		D5F97E3B1C1813A70066D7C0 /* Storyboard.swift */ = {isa = PBXFileReference; fileEncoding = 4; lastKnownFileType = sourcecode.swift; path = Storyboard.swift; sourceTree = "<group>"; };
		D5F97E3D1C1815780066D7C0 /* Xcodeproj.swift */ = {isa = PBXFileReference; fileEncoding = 4; lastKnownFileType = sourcecode.swift; path = Xcodeproj.swift; sourceTree = "<group>"; };
		D5F97E3F1C1815E70066D7C0 /* AssetFolder.swift */ = {isa = PBXFileReference; fileEncoding = 4; lastKnownFileType = sourcecode.swift; path = AssetFolder.swift; sourceTree = "<group>"; };
		D5F97E411C1816360066D7C0 /* Image.swift */ = {isa = PBXFileReference; fileEncoding = 4; lastKnownFileType = sourcecode.swift; path = Image.swift; sourceTree = "<group>"; };
		D5F97E431C1816790066D7C0 /* ResourceFile.swift */ = {isa = PBXFileReference; fileEncoding = 4; lastKnownFileType = sourcecode.swift; path = ResourceFile.swift; sourceTree = "<group>"; };
		D5F97E451C18169E0066D7C0 /* Nib.swift */ = {isa = PBXFileReference; fileEncoding = 4; lastKnownFileType = sourcecode.swift; path = Nib.swift; sourceTree = "<group>"; };
		E2156B8D1CC5254A00F341DC /* StringParam.swift */ = {isa = PBXFileReference; fileEncoding = 4; lastKnownFileType = sourcecode.swift; path = StringParam.swift; sourceTree = "<group>"; };
		E22D43621C9582CA00692FFF /* ColorGenerator.swift */ = {isa = PBXFileReference; fileEncoding = 4; lastKnownFileType = sourcecode.swift; path = ColorGenerator.swift; sourceTree = "<group>"; };
		E22D43641C95845200692FFF /* ColorPalette.swift */ = {isa = PBXFileReference; fileEncoding = 4; lastKnownFileType = sourcecode.swift; path = ColorPalette.swift; sourceTree = "<group>"; };
		E2762AC61CCCEC2A0009BCAA /* Locale.swift */ = {isa = PBXFileReference; fileEncoding = 4; lastKnownFileType = sourcecode.swift; path = Locale.swift; sourceTree = "<group>"; };
		E2762ACE1CCD0B970009BCAA /* LocalizableStrings.swift */ = {isa = PBXFileReference; fileEncoding = 4; lastKnownFileType = sourcecode.swift; path = LocalizableStrings.swift; sourceTree = "<group>"; };
		E2A918741CD4B61200394F6F /* Unifiable.swift */ = {isa = PBXFileReference; fileEncoding = 4; lastKnownFileType = sourcecode.swift; path = Unifiable.swift; sourceTree = "<group>"; };
/* End PBXFileReference section */

/* Begin PBXFrameworksBuildPhase section */
		D5C4227A1B711FDF004EA9B9 /* Frameworks */ = {
			isa = PBXFrameworksBuildPhase;
			buildActionMask = 2147483647;
			files = (
			);
			runOnlyForDeploymentPostprocessing = 0;
		};
/* End PBXFrameworksBuildPhase section */

/* Begin PBXGroup section */
		D57946691B9347A70044D2FC /* Xcode.swift */ = {
			isa = PBXGroup;
			children = (
				D579466A1B9347C20044D2FC /* XCProjectFile.swift */,
				D5646DE11BE2016E0034F4D7 /* Extensions.swift */,
				D5646DE21BE2016E0034F4D7 /* PBXObject.swift */,
				D5646DE31BE2016E0034F4D7 /* Serialization.swift */,
			);
			name = Xcode.swift;
			path = Xcode.swift/Xcode/Xcode;
			sourceTree = "<group>";
		};
		D5A0A8281C4791E40089ED2C /* CodeGenerators */ = {
			isa = PBXGroup;
			children = (
				D5A0A8291C47920A0089ED2C /* SwiftCodeConverible.swift */,
				D5A0A82B1C4792210089ED2C /* TypePrinter.swift */,
			);
			path = CodeGenerators;
			sourceTree = "<group>";
		};
		D5B799611C1992A7009EA901 /* Generators */ = {
			isa = PBXGroup;
			children = (
				E22D43621C9582CA00692FFF /* ColorGenerator.swift */,
				D5B7996F1C199420009EA901 /* FontGenerator.swift */,
				D5B799631C19937C009EA901 /* ImageGenerator.swift */,
				D5B799691C1993E3009EA901 /* NibGenerator.swift */,
				D5B7996D1C19940F009EA901 /* ResourceFileGenerator.swift */,
				D5DA249C1B9CB1BF00AAA43E /* ResourceGenerator.swift */,
				D5B7996B1C1993F8009EA901 /* ReuseIdentifierGenerator.swift */,
				D5B799651C19939D009EA901 /* SegueGenerator.swift */,
				D5B799671C1993B7009EA901 /* StoryboardGenerator.swift */,
				5D997C941C7C291900B2F376 /* StringsGenerator.swift */,
			);
			path = Generators;
			sourceTree = "<group>";
		};
		D5B7997B1C1B06F5009EA901 /* Util */ = {
			isa = PBXGroup;
			children = (
				D5B7997E1C1B07EB009EA901 /* ErrorOutput.swift */,
				D5B7997C1C1B07C3009EA901 /* SanitizedSwiftName.swift */,
				D56F923E1C2942B400177FF7 /* Struct+ChildValidation.swift */,
				D58672481C21FC9700A760EC /* TypeSequenceProvider.swift */,
				D5EA0DFE1A3DF4E300FFEBC4 /* UtilExtensions.swift */,
			);
			path = Util;
			sourceTree = "<group>";
		};
		D5C4227E1B711FDF004EA9B9 /* R.swiftTests */ = {
			isa = PBXGroup;
			children = (
				D5C422811B711FDF004EA9B9 /* Info.plist */,
				D5F795C01BB9983900844EA2 /* MainTests.swift */,
			);
			path = R.swiftTests;
			sourceTree = "<group>";
		};
		D5C5A8ED1BB7193B00163E71 /* OptionKit */ = {
			isa = PBXGroup;
			children = (
				D5C5A8EE1BB7196000163E71 /* Core.swift */,
			);
			name = OptionKit;
			path = OptionKit/OptionKit;
			sourceTree = "<group>";
		};
		D5EA0DEB1A3DF45600FFEBC4 = {
			isa = PBXGroup;
			children = (
				D5EA0DF61A3DF45600FFEBC4 /* R.swift */,
				D57946691B9347A70044D2FC /* Xcode.swift */,
				D5C5A8ED1BB7193B00163E71 /* OptionKit */,
				D5C4227E1B711FDF004EA9B9 /* R.swiftTests */,
				D5EA0DF51A3DF45600FFEBC4 /* Products */,
			);
			indentWidth = 2;
			sourceTree = "<group>";
			tabWidth = 2;
			usesTabs = 0;
		};
		D5EA0DF51A3DF45600FFEBC4 /* Products */ = {
			isa = PBXGroup;
			children = (
				D5EA0DF41A3DF45600FFEBC4 /* rswift */,
				D5C4227D1B711FDF004EA9B9 /* rswiftTests.xctest */,
			);
			name = Products;
			sourceTree = "<group>";
		};
		D5EA0DF61A3DF45600FFEBC4 /* R.swift */ = {
			isa = PBXGroup;
			children = (
				D5EA0DF71A3DF45600FFEBC4 /* main.swift */,
				D5CD9B3B1B98258700C85F8C /* input.swift */,
				D5B799611C1992A7009EA901 /* Generators */,
				D5F97E361C1789E50066D7C0 /* ResourceTypes */,
				D5F97E501C18D5EF0066D7C0 /* SwiftTypes */,
				D5B7997B1C1B06F5009EA901 /* Util */,
			);
			path = R.swift;
			sourceTree = "<group>";
		};
		D5F97E361C1789E50066D7C0 /* ResourceTypes */ = {
			isa = PBXGroup;
			children = (
				D5F97E3F1C1815E70066D7C0 /* AssetFolder.swift */,
				E22D43641C95845200692FFF /* ColorPalette.swift */,
				D5F97E391C1812AE0066D7C0 /* Font.swift */,
				D5F97E411C1816360066D7C0 /* Image.swift */,
				E2762AC61CCCEC2A0009BCAA /* Locale.swift */,
				E2762ACE1CCD0B970009BCAA /* LocalizableStrings.swift */,
				D5F97E451C18169E0066D7C0 /* Nib.swift */,
				D5F97E431C1816790066D7C0 /* ResourceFile.swift */,
				D5F97E371C178A4F0066D7C0 /* Resources.swift */,
				D59F723E1C19651F0089767C /* ReusableContainer.swift */,
				D5F97E3B1C1813A70066D7C0 /* Storyboard.swift */,
				E2156B8D1CC5254A00F341DC /* StringParam.swift */,
				E2A918741CD4B61200394F6F /* Unifiable.swift */,
				D5B799781C19C082009EA901 /* WhiteListedExtensionsResourceType.swift */,
				D5F97E3D1C1815780066D7C0 /* Xcodeproj.swift */,
			);
			path = ResourceTypes;
			sourceTree = "<group>";
		};
		D5F97E501C18D5EF0066D7C0 /* SwiftTypes */ = {
			isa = PBXGroup;
			children = (
				D5A0A8281C4791E40089ED2C /* CodeGenerators */,
				D56DC76C1C41758800623437 /* AccessModifier.swift */,
				D59F722F1C19644F0089767C /* Function.swift */,
				D5B129AE1C3BA5F900A1C5FC /* Let.swift */,
				D5B799821C1B8C78009EA901 /* Module.swift */,
				D5B129B01C3BA65C00A1C5FC /* Property.swift */,
				D59F72281C1963EA0089767C /* Struct.swift */,
				D59F72251C1963DA0089767C /* Type.swift */,
				D59F723B1C1964B20089767C /* Typealias.swift */,
				D56F923C1C29421600177FF7 /* TypeVar.swift */,
				D59F72381C1964950089767C /* Var.swift */,
			);
			path = SwiftTypes;
			sourceTree = "<group>";
		};
/* End PBXGroup section */

/* Begin PBXNativeTarget section */
		D5C4227C1B711FDF004EA9B9 /* rswiftTests */ = {
			isa = PBXNativeTarget;
			buildConfigurationList = D5C422841B711FDF004EA9B9 /* Build configuration list for PBXNativeTarget "rswiftTests" */;
			buildPhases = (
				D5C422791B711FDF004EA9B9 /* Sources */,
				D5C4227A1B711FDF004EA9B9 /* Frameworks */,
				D5C4227B1B711FDF004EA9B9 /* Resources */,
			);
			buildRules = (
			);
			dependencies = (
			);
			name = rswiftTests;
			productName = rswiftTests;
			productReference = D5C4227D1B711FDF004EA9B9 /* rswiftTests.xctest */;
			productType = "com.apple.product-type.bundle.unit-test";
		};
		D5EA0DF31A3DF45600FFEBC4 /* rswift */ = {
			isa = PBXNativeTarget;
			buildConfigurationList = D5EA0DFB1A3DF45600FFEBC4 /* Build configuration list for PBXNativeTarget "rswift" */;
			buildPhases = (
				D5EA0DF01A3DF45600FFEBC4 /* Sources */,
				D5DE480C1B5E1B14000F6A85 /* Install into test project */,
			);
			buildRules = (
			);
			dependencies = (
			);
			name = rswift;
			productName = R.swift;
			productReference = D5EA0DF41A3DF45600FFEBC4 /* rswift */;
			productType = "com.apple.product-type.tool";
		};
/* End PBXNativeTarget section */

/* Begin PBXProject section */
		D5EA0DEC1A3DF45600FFEBC4 /* Project object */ = {
			isa = PBXProject;
			attributes = {
				LastSwiftMigration = 0700;
				LastSwiftUpdateCheck = 0700;
				LastUpgradeCheck = 0700;
				ORGANIZATIONNAME = "Mathijs Kadijk";
				TargetAttributes = {
					D5C4227C1B711FDF004EA9B9 = {
						CreatedOnToolsVersion = 7.0;
					};
					D5EA0DF31A3DF45600FFEBC4 = {
						CreatedOnToolsVersion = 6.1.1;
					};
				};
			};
			buildConfigurationList = D5EA0DEF1A3DF45600FFEBC4 /* Build configuration list for PBXProject "R.swift" */;
			compatibilityVersion = "Xcode 3.2";
			developmentRegion = English;
			hasScannedForEncodings = 0;
			knownRegions = (
				en,
			);
			mainGroup = D5EA0DEB1A3DF45600FFEBC4;
			productRefGroup = D5EA0DF51A3DF45600FFEBC4 /* Products */;
			projectDirPath = "";
			projectRoot = "";
			targets = (
				D5EA0DF31A3DF45600FFEBC4 /* rswift */,
				D5C4227C1B711FDF004EA9B9 /* rswiftTests */,
			);
		};
/* End PBXProject section */

/* Begin PBXResourcesBuildPhase section */
		D5C4227B1B711FDF004EA9B9 /* Resources */ = {
			isa = PBXResourcesBuildPhase;
			buildActionMask = 2147483647;
			files = (
			);
			runOnlyForDeploymentPostprocessing = 0;
		};
/* End PBXResourcesBuildPhase section */

/* Begin PBXShellScriptBuildPhase section */
		D5DE480C1B5E1B14000F6A85 /* Install into test project */ = {
			isa = PBXShellScriptBuildPhase;
			buildActionMask = 2147483647;
			files = (
			);
			inputPaths = (
			);
			name = "Install into test project";
			outputPaths = (
			);
			runOnlyForDeploymentPostprocessing = 0;
			shellPath = /bin/sh;
			shellScript = "cp \"$BUILT_PRODUCTS_DIR/$PRODUCT_NAME\" ./ResourceApp";
		};
/* End PBXShellScriptBuildPhase section */

/* Begin PBXSourcesBuildPhase section */
		D5C422791B711FDF004EA9B9 /* Sources */ = {
			isa = PBXSourcesBuildPhase;
			buildActionMask = 2147483647;
			files = (
				D5F12D461BDACB87009A2C88 /* UtilExtensions.swift in Sources */,
				D56F92411C29476700177FF7 /* TypeVar.swift in Sources */,
				D5B799771C199755009EA901 /* StoryboardGenerator.swift in Sources */,
				D5B799811C1B0943009EA901 /* ErrorOutput.swift in Sources */,
				D5F12D431BDACB87009A2C88 /* ResourceGenerator.swift in Sources */,
				E2762AC91CCCEE120009BCAA /* Locale.swift in Sources */,
				D5F97E4A1C1819160066D7C0 /* Storyboard.swift in Sources */,
				5D45C2191CA12913000B8DC9 /* StringsGenerator.swift in Sources */,
				D5B129B21C3BA75A00A1C5FC /* Property.swift in Sources */,
				E2762AD01CCD0CF90009BCAA /* LocalizableStrings.swift in Sources */,
				D59F72401C19651F0089767C /* ReusableContainer.swift in Sources */,
				D5B799741C199755009EA901 /* ResourceFileGenerator.swift in Sources */,
				D5B799751C199755009EA901 /* ReuseIdentifierGenerator.swift in Sources */,
				D586D1C71BE20D8600F18FEC /* PBXObject.swift in Sources */,
				D59F72271C1963DA0089767C /* Type.swift in Sources */,
				D5F97E4D1C1819160066D7C0 /* ResourceFile.swift in Sources */,
				D5F97E481C1819160066D7C0 /* Xcodeproj.swift in Sources */,
				D5F12D411BDACB87009A2C88 /* main.swift in Sources */,
				D5F97E4B1C1819160066D7C0 /* AssetFolder.swift in Sources */,
				D5F12D421BDACB87009A2C88 /* input.swift in Sources */,
				D5F795C11BB9983900844EA2 /* MainTests.swift in Sources */,
				D59F723D1C1964B20089767C /* Typealias.swift in Sources */,
				D5F12D481BDACB8E009A2C88 /* XCProjectFile.swift in Sources */,
				D5B7998A1C1B91A9009EA901 /* Module.swift in Sources */,
				D5F97E471C1819160066D7C0 /* Resources.swift in Sources */,
				D59F723A1C1964950089767C /* Var.swift in Sources */,
				D56DC76E1C41770500623437 /* AccessModifier.swift in Sources */,
				D56F92401C29475F00177FF7 /* Struct+ChildValidation.swift in Sources */,
				D5F97E4C1C1819160066D7C0 /* Image.swift in Sources */,
				D5F12D491BDACB90009A2C88 /* Core.swift in Sources */,
				D586724A1C21FF7D00A760EC /* TypeSequenceProvider.swift in Sources */,
				D5F97E4E1C1819160066D7C0 /* Nib.swift in Sources */,
				D59F72311C19644F0089767C /* Function.swift in Sources */,
				E241E4A11CD6545200F449E3 /* Unifiable.swift in Sources */,
				D5B799721C199755009EA901 /* ImageGenerator.swift in Sources */,
				D5B7997A1C19C1BD009EA901 /* WhiteListedExtensionsResourceType.swift in Sources */,
				D59F722A1C1963EA0089767C /* Struct.swift in Sources */,
				E2156B8F1CC5255000F341DC /* StringParam.swift in Sources */,
				D5A0A82E1C4793C20089ED2C /* TypePrinter.swift in Sources */,
				D5A0A82D1C4793C20089ED2C /* SwiftCodeConverible.swift in Sources */,
				D5B799731C199755009EA901 /* NibGenerator.swift in Sources */,
				D5B129B31C3BA75A00A1C5FC /* Let.swift in Sources */,
				D5F97E491C1819160066D7C0 /* Font.swift in Sources */,
				D5B799801C1B0943009EA901 /* SanitizedSwiftName.swift in Sources */,
				D5B799711C199755009EA901 /* FontGenerator.swift in Sources */,
				D586D1C61BE20D8600F18FEC /* Extensions.swift in Sources */,
				D586D1C81BE20D8600F18FEC /* Serialization.swift in Sources */,
				E24720CC1C96B6AB00DF291D /* ColorGenerator.swift in Sources */,
				D5B799761C199755009EA901 /* SegueGenerator.swift in Sources */,
				E24720CB1C96B6A600DF291D /* ColorPalette.swift in Sources */,
			);
			runOnlyForDeploymentPostprocessing = 0;
		};
		D5EA0DF01A3DF45600FFEBC4 /* Sources */ = {
			isa = PBXSourcesBuildPhase;
			buildActionMask = 2147483647;
			files = (
				5D997C951C7C291900B2F376 /* StringsGenerator.swift in Sources */,
				D5B799831C1B8C78009EA901 /* Module.swift in Sources */,
				E2156B8E1CC5254A00F341DC /* StringParam.swift in Sources */,
				D5C5A8EF1BB7196000163E71 /* Core.swift in Sources */,
				D58672491C21FC9700A760EC /* TypeSequenceProvider.swift in Sources */,
				D5F97E461C18169E0066D7C0 /* Nib.swift in Sources */,
				D59F72391C1964950089767C /* Var.swift in Sources */,
				D5B7997F1C1B07EB009EA901 /* ErrorOutput.swift in Sources */,
				E2A918751CD4B61200394F6F /* Unifiable.swift in Sources */,
				D5B129B11C3BA65C00A1C5FC /* Property.swift in Sources */,
				E22D43651C95845200692FFF /* ColorPalette.swift in Sources */,
				D5F97E421C1816360066D7C0 /* Image.swift in Sources */,
				D56F923D1C29421600177FF7 /* TypeVar.swift in Sources */,
				D5B7996E1C19940F009EA901 /* ResourceFileGenerator.swift in Sources */,
				E2762ACF1CCD0B970009BCAA /* LocalizableStrings.swift in Sources */,
				D5F97E401C1815E70066D7C0 /* AssetFolder.swift in Sources */,
				E2762AC71CCCEC2A0009BCAA /* Locale.swift in Sources */,
				D5F97E3C1C1813A70066D7C0 /* Storyboard.swift in Sources */,
				D59F723C1C1964B20089767C /* Typealias.swift in Sources */,
				D5B799661C19939D009EA901 /* SegueGenerator.swift in Sources */,
				D5DA249D1B9CB1BF00AAA43E /* ResourceGenerator.swift in Sources */,
				D5F97E3A1C1812AE0066D7C0 /* Font.swift in Sources */,
				D5EA0DF81A3DF45600FFEBC4 /* main.swift in Sources */,
				D5EA0DFF1A3DF4E300FFEBC4 /* UtilExtensions.swift in Sources */,
				D59F723F1C19651F0089767C /* ReusableContainer.swift in Sources */,
				D5B7996C1C1993F8009EA901 /* ReuseIdentifierGenerator.swift in Sources */,
				D5646DE61BE2016E0034F4D7 /* Serialization.swift in Sources */,
				D59F72291C1963EA0089767C /* Struct.swift in Sources */,
				D56F923F1C2942B400177FF7 /* Struct+ChildValidation.swift in Sources */,
				D59F72261C1963DA0089767C /* Type.swift in Sources */,
				D5A0A82C1C4792210089ED2C /* TypePrinter.swift in Sources */,
				D5F97E441C1816790066D7C0 /* ResourceFile.swift in Sources */,
				D5B799791C19C082009EA901 /* WhiteListedExtensionsResourceType.swift in Sources */,
				D59F72301C19644F0089767C /* Function.swift in Sources */,
				D5F97E3E1C1815780066D7C0 /* Xcodeproj.swift in Sources */,
				D5B799641C19937C009EA901 /* ImageGenerator.swift in Sources */,
				D5646DE41BE2016E0034F4D7 /* Extensions.swift in Sources */,
				D5B7996A1C1993E3009EA901 /* NibGenerator.swift in Sources */,
				E22D43631C9582CA00692FFF /* ColorGenerator.swift in Sources */,
				D5646DE51BE2016E0034F4D7 /* PBXObject.swift in Sources */,
				D56DC76D1C41758800623437 /* AccessModifier.swift in Sources */,
				D5B129AF1C3BA5F900A1C5FC /* Let.swift in Sources */,
				D5B7997D1C1B07C3009EA901 /* SanitizedSwiftName.swift in Sources */,
				D5A0A82A1C47920A0089ED2C /* SwiftCodeConverible.swift in Sources */,
				D5B799681C1993B7009EA901 /* StoryboardGenerator.swift in Sources */,
				D5B799701C199420009EA901 /* FontGenerator.swift in Sources */,
				D579466B1B9347C20044D2FC /* XCProjectFile.swift in Sources */,
				D5CD9B3C1B98258700C85F8C /* input.swift in Sources */,
				D5F97E381C178A4F0066D7C0 /* Resources.swift in Sources */,
			);
			runOnlyForDeploymentPostprocessing = 0;
		};
/* End PBXSourcesBuildPhase section */

/* Begin XCBuildConfiguration section */
		D5C422821B711FDF004EA9B9 /* Debug */ = {
			isa = XCBuildConfiguration;
			buildSettings = {
				CLANG_ENABLE_MODULES = YES;
				COMBINE_HIDPI_IMAGES = YES;
				DEBUG_INFORMATION_FORMAT = dwarf;
				GCC_NO_COMMON_BLOCKS = YES;
				INFOPLIST_FILE = R.swiftTests/Info.plist;
				LD_RUNPATH_SEARCH_PATHS = "$(inherited) @executable_path/../Frameworks @loader_path/../Frameworks";
				PRODUCT_BUNDLE_IDENTIFIER = nl.mathijskadijk.rswiftTests;
				PRODUCT_NAME = "$(TARGET_NAME)";
				SWIFT_OPTIMIZATION_LEVEL = "-Onone";
			};
			name = Debug;
		};
		D5C422831B711FDF004EA9B9 /* Release */ = {
			isa = XCBuildConfiguration;
			buildSettings = {
				CLANG_ENABLE_MODULES = YES;
				COMBINE_HIDPI_IMAGES = YES;
				COPY_PHASE_STRIP = NO;
				GCC_NO_COMMON_BLOCKS = YES;
				INFOPLIST_FILE = R.swiftTests/Info.plist;
				LD_RUNPATH_SEARCH_PATHS = "$(inherited) @executable_path/../Frameworks @loader_path/../Frameworks";
				PRODUCT_BUNDLE_IDENTIFIER = nl.mathijskadijk.rswiftTests;
				PRODUCT_NAME = "$(TARGET_NAME)";
			};
			name = Release;
		};
		D5EA0DF91A3DF45600FFEBC4 /* Debug */ = {
			isa = XCBuildConfiguration;
			buildSettings = {
				ALWAYS_SEARCH_USER_PATHS = NO;
				CLANG_CXX_LANGUAGE_STANDARD = "gnu++0x";
				CLANG_CXX_LIBRARY = "libc++";
				CLANG_ENABLE_MODULES = YES;
				CLANG_ENABLE_OBJC_ARC = YES;
				CLANG_WARN_BOOL_CONVERSION = YES;
				CLANG_WARN_CONSTANT_CONVERSION = YES;
				CLANG_WARN_DIRECT_OBJC_ISA_USAGE = YES_ERROR;
				CLANG_WARN_EMPTY_BODY = YES;
				CLANG_WARN_ENUM_CONVERSION = YES;
				CLANG_WARN_INT_CONVERSION = YES;
				CLANG_WARN_OBJC_ROOT_CLASS = YES_ERROR;
				CLANG_WARN_UNREACHABLE_CODE = YES;
				CLANG_WARN__DUPLICATE_METHOD_MATCH = YES;
				COPY_PHASE_STRIP = NO;
				ENABLE_STRICT_OBJC_MSGSEND = YES;
				ENABLE_TESTABILITY = YES;
				GCC_C_LANGUAGE_STANDARD = gnu99;
				GCC_DYNAMIC_NO_PIC = NO;
				GCC_OPTIMIZATION_LEVEL = 0;
				GCC_PREPROCESSOR_DEFINITIONS = (
					"DEBUG=1",
					"$(inherited)",
				);
				GCC_SYMBOLS_PRIVATE_EXTERN = NO;
				GCC_WARN_64_TO_32_BIT_CONVERSION = YES;
				GCC_WARN_ABOUT_RETURN_TYPE = YES_ERROR;
				GCC_WARN_UNDECLARED_SELECTOR = YES;
				GCC_WARN_UNINITIALIZED_AUTOS = YES_AGGRESSIVE;
				GCC_WARN_UNUSED_FUNCTION = YES;
				GCC_WARN_UNUSED_VARIABLE = YES;
				MACOSX_DEPLOYMENT_TARGET = 10.10;
				MTL_ENABLE_DEBUG_INFO = YES;
				ONLY_ACTIVE_ARCH = YES;
				SDKROOT = macosx;
				SWIFT_OPTIMIZATION_LEVEL = "-Onone";
			};
			name = Debug;
		};
		D5EA0DFA1A3DF45600FFEBC4 /* Release */ = {
			isa = XCBuildConfiguration;
			buildSettings = {
				ALWAYS_SEARCH_USER_PATHS = NO;
				CLANG_CXX_LANGUAGE_STANDARD = "gnu++0x";
				CLANG_CXX_LIBRARY = "libc++";
				CLANG_ENABLE_MODULES = YES;
				CLANG_ENABLE_OBJC_ARC = YES;
				CLANG_WARN_BOOL_CONVERSION = YES;
				CLANG_WARN_CONSTANT_CONVERSION = YES;
				CLANG_WARN_DIRECT_OBJC_ISA_USAGE = YES_ERROR;
				CLANG_WARN_EMPTY_BODY = YES;
				CLANG_WARN_ENUM_CONVERSION = YES;
				CLANG_WARN_INT_CONVERSION = YES;
				CLANG_WARN_OBJC_ROOT_CLASS = YES_ERROR;
				CLANG_WARN_UNREACHABLE_CODE = YES;
				CLANG_WARN__DUPLICATE_METHOD_MATCH = YES;
				COPY_PHASE_STRIP = YES;
				DEBUG_INFORMATION_FORMAT = "dwarf-with-dsym";
				ENABLE_NS_ASSERTIONS = NO;
				ENABLE_STRICT_OBJC_MSGSEND = YES;
				GCC_C_LANGUAGE_STANDARD = gnu99;
				GCC_WARN_64_TO_32_BIT_CONVERSION = YES;
				GCC_WARN_ABOUT_RETURN_TYPE = YES_ERROR;
				GCC_WARN_UNDECLARED_SELECTOR = YES;
				GCC_WARN_UNINITIALIZED_AUTOS = YES_AGGRESSIVE;
				GCC_WARN_UNUSED_FUNCTION = YES;
				GCC_WARN_UNUSED_VARIABLE = YES;
				MACOSX_DEPLOYMENT_TARGET = 10.10;
				MTL_ENABLE_DEBUG_INFO = NO;
				SDKROOT = macosx;
			};
			name = Release;
		};
		D5EA0DFC1A3DF45600FFEBC4 /* Debug */ = {
			isa = XCBuildConfiguration;
			buildSettings = {
				PRODUCT_NAME = "$(TARGET_NAME)";
			};
			name = Debug;
		};
		D5EA0DFD1A3DF45600FFEBC4 /* Release */ = {
			isa = XCBuildConfiguration;
			buildSettings = {
				PRODUCT_NAME = "$(TARGET_NAME)";
			};
			name = Release;
		};
/* End XCBuildConfiguration section */

/* Begin XCConfigurationList section */
		D5C422841B711FDF004EA9B9 /* Build configuration list for PBXNativeTarget "rswiftTests" */ = {
			isa = XCConfigurationList;
			buildConfigurations = (
				D5C422821B711FDF004EA9B9 /* Debug */,
				D5C422831B711FDF004EA9B9 /* Release */,
			);
			defaultConfigurationIsVisible = 0;
			defaultConfigurationName = Release;
		};
		D5EA0DEF1A3DF45600FFEBC4 /* Build configuration list for PBXProject "R.swift" */ = {
			isa = XCConfigurationList;
			buildConfigurations = (
				D5EA0DF91A3DF45600FFEBC4 /* Debug */,
				D5EA0DFA1A3DF45600FFEBC4 /* Release */,
			);
			defaultConfigurationIsVisible = 0;
			defaultConfigurationName = Release;
		};
		D5EA0DFB1A3DF45600FFEBC4 /* Build configuration list for PBXNativeTarget "rswift" */ = {
			isa = XCConfigurationList;
			buildConfigurations = (
				D5EA0DFC1A3DF45600FFEBC4 /* Debug */,
				D5EA0DFD1A3DF45600FFEBC4 /* Release */,
			);
			defaultConfigurationIsVisible = 0;
			defaultConfigurationName = Release;
		};
/* End XCConfigurationList section */
	};
	rootObject = D5EA0DEC1A3DF45600FFEBC4 /* Project object */;
}
