// !$*UTF8*$!
{
	archiveVersion = 1;
	classes = {
	};
	objectVersion = 77;
	objects = {

/* Begin PBXBuildFile section */
		D53A5BB52D550AFA005A44F3 /* RswiftLibrary in Frameworks */ = {isa = PBXBuildFile; productRef = D53A5BB42D550AFA005A44F3 /* RswiftLibrary */; };
/* End PBXBuildFile section */

/* Begin PBXContainerItemProxy section */
		D53A5B7B2D550938005A44F3 /* PBXContainerItemProxy */ = {
			isa = PBXContainerItemProxy;
			containerPortal = D53A5B5C2D550936005A44F3 /* Project object */;
			proxyType = 1;
			remoteGlobalIDString = D53A5B632D550936005A44F3;
			remoteInfo = StringCatalogApp;
		};
/* End PBXContainerItemProxy section */

/* Begin PBXFileReference section */
		D53A5B642D550936005A44F3 /* StringCatalogApp.app */ = {isa = PBXFileReference; explicitFileType = wrapper.application; includeInIndex = 0; path = StringCatalogApp.app; sourceTree = BUILT_PRODUCTS_DIR; };
		D53A5B7A2D550938005A44F3 /* StringCatalogAppTests.xctest */ = {isa = PBXFileReference; explicitFileType = wrapper.cfbundle; includeInIndex = 0; path = StringCatalogAppTests.xctest; sourceTree = BUILT_PRODUCTS_DIR; };
		E2E5836E291D3AB5006E17D9 /* R.swift */ = {isa = PBXFileReference; lastKnownFileType = wrapper; name = R.swift; path = ../..; sourceTree = "<group>"; };
/* End PBXFileReference section */

/* Begin PBXFileSystemSynchronizedRootGroup section */
		D53A5B662D550936005A44F3 /* StringCatalogApp */ = {
			isa = PBXFileSystemSynchronizedRootGroup;
			path = StringCatalogApp;
			sourceTree = "<group>";
		};
		D53A5B7D2D550938005A44F3 /* StringCatalogAppTests */ = {
			isa = PBXFileSystemSynchronizedRootGroup;
			path = StringCatalogAppTests;
			sourceTree = "<group>";
		};
/* End PBXFileSystemSynchronizedRootGroup section */

/* Begin PBXFrameworksBuildPhase section */
		D53A5B612D550936005A44F3 /* Frameworks */ = {
			isa = PBXFrameworksBuildPhase;
			buildActionMask = 2147483647;
			files = (
				D53A5BB52D550AFA005A44F3 /* RswiftLibrary in Frameworks */,
			);
			runOnlyForDeploymentPostprocessing = 0;
		};
		D53A5B772D550938005A44F3 /* Frameworks */ = {
			isa = PBXFrameworksBuildPhase;
			buildActionMask = 2147483647;
			files = (
			);
			runOnlyForDeploymentPostprocessing = 0;
		};
/* End PBXFrameworksBuildPhase section */

/* Begin PBXGroup section */
		D53A5B5B2D550936005A44F3 = {
			isa = PBXGroup;
			children = (
				E2E5836D291D3AB5006E17D9 /* Packages */,
				D53A5B662D550936005A44F3 /* StringCatalogApp */,
				D53A5B7D2D550938005A44F3 /* StringCatalogAppTests */,
				D53A5B652D550936005A44F3 /* Products */,
			);
			sourceTree = "<group>";
		};
		D53A5B652D550936005A44F3 /* Products */ = {
			isa = PBXGroup;
			children = (
				D53A5B642D550936005A44F3 /* StringCatalogApp.app */,
				D53A5B7A2D550938005A44F3 /* StringCatalogAppTests.xctest */,
			);
			name = Products;
			sourceTree = "<group>";
		};
		E2E5836D291D3AB5006E17D9 /* Packages */ = {
			isa = PBXGroup;
			children = (
				E2E5836E291D3AB5006E17D9 /* R.swift */,
			);
			name = Packages;
			sourceTree = "<group>";
		};
/* End PBXGroup section */

/* Begin PBXNativeTarget section */
		D53A5B632D550936005A44F3 /* StringCatalogApp */ = {
			isa = PBXNativeTarget;
			buildConfigurationList = D53A5B8D2D550938005A44F3 /* Build configuration list for PBXNativeTarget "StringCatalogApp" */;
			buildPhases = (
				D53A5B602D550936005A44F3 /* Sources */,
				D53A5B612D550936005A44F3 /* Frameworks */,
				D53A5B622D550936005A44F3 /* Resources */,
			);
			buildRules = (
			);
			dependencies = (
				D53A5BAD2D550A6D005A44F3 /* PBXTargetDependency */,
			);
			fileSystemSynchronizedGroups = (
				D53A5B662D550936005A44F3 /* StringCatalogApp */,
			);
			name = StringCatalogApp;
			packageProductDependencies = (
				D53A5BB42D550AFA005A44F3 /* RswiftLibrary */,
			);
			productName = StringCatalogApp;
			productReference = D53A5B642D550936005A44F3 /* StringCatalogApp.app */;
			productType = "com.apple.product-type.application";
		};
		D53A5B792D550938005A44F3 /* StringCatalogAppTests */ = {
			isa = PBXNativeTarget;
			buildConfigurationList = D53A5B922D550938005A44F3 /* Build configuration list for PBXNativeTarget "StringCatalogAppTests" */;
			buildPhases = (
				D53A5B762D550938005A44F3 /* Sources */,
				D53A5B772D550938005A44F3 /* Frameworks */,
				D53A5B782D550938005A44F3 /* Resources */,
			);
			buildRules = (
			);
			dependencies = (
				D53A5B7C2D550938005A44F3 /* PBXTargetDependency */,
			);
			fileSystemSynchronizedGroups = (
				D53A5B7D2D550938005A44F3 /* StringCatalogAppTests */,
			);
			name = StringCatalogAppTests;
			packageProductDependencies = (
			);
			productName = StringCatalogAppTests;
			productReference = D53A5B7A2D550938005A44F3 /* StringCatalogAppTests.xctest */;
			productType = "com.apple.product-type.bundle.unit-test";
		};
/* End PBXNativeTarget section */

/* Begin PBXProject section */
		D53A5B5C2D550936005A44F3 /* Project object */ = {
			isa = PBXProject;
			attributes = {
				BuildIndependentTargetsInParallel = 1;
				LastSwiftUpdateCheck = 1620;
				LastUpgradeCheck = 1620;
				TargetAttributes = {
					D53A5B632D550936005A44F3 = {
						CreatedOnToolsVersion = 16.2;
					};
					D53A5B792D550938005A44F3 = {
						CreatedOnToolsVersion = 16.2;
						TestTargetID = D53A5B632D550936005A44F3;
					};
				};
			};
			buildConfigurationList = D53A5B5F2D550936005A44F3 /* Build configuration list for PBXProject "StringCatalogApp" */;
			developmentRegion = en;
			hasScannedForEncodings = 0;
			knownRegions = (
				en,
				Base,
				nl,
			);
			mainGroup = D53A5B5B2D550936005A44F3;
			minimizedProjectReferenceProxies = 1;
			packageReferences = (
				D53A5BB32D550AFA005A44F3 /* XCLocalSwiftPackageReference "../../../R.swift" */,
			);
			preferredProjectObjectVersion = 77;
			productRefGroup = D53A5B652D550936005A44F3 /* Products */;
			projectDirPath = "";
			projectRoot = "";
			targets = (
				D53A5B632D550936005A44F3 /* StringCatalogApp */,
				D53A5B792D550938005A44F3 /* StringCatalogAppTests */,
			);
		};
/* End PBXProject section */

/* Begin PBXResourcesBuildPhase section */
		D53A5B622D550936005A44F3 /* Resources */ = {
			isa = PBXResourcesBuildPhase;
			buildActionMask = 2147483647;
			files = (
			);
			runOnlyForDeploymentPostprocessing = 0;
		};
		D53A5B782D550938005A44F3 /* Resources */ = {
			isa = PBXResourcesBuildPhase;
			buildActionMask = 2147483647;
			files = (
			);
			runOnlyForDeploymentPostprocessing = 0;
		};
/* End PBXResourcesBuildPhase section */

/* Begin PBXSourcesBuildPhase section */
		D53A5B602D550936005A44F3 /* Sources */ = {
			isa = PBXSourcesBuildPhase;
			buildActionMask = 2147483647;
			files = (
			);
			runOnlyForDeploymentPostprocessing = 0;
		};
		D53A5B762D550938005A44F3 /* Sources */ = {
			isa = PBXSourcesBuildPhase;
			buildActionMask = 2147483647;
			files = (
			);
			runOnlyForDeploymentPostprocessing = 0;
		};
/* End PBXSourcesBuildPhase section */

/* Begin PBXTargetDependency section */
		D53A5B7C2D550938005A44F3 /* PBXTargetDependency */ = {
			isa = PBXTargetDependency;
			target = D53A5B632D550936005A44F3 /* StringCatalogApp */;
			targetProxy = D53A5B7B2D550938005A44F3 /* PBXContainerItemProxy */;
		};
		D53A5BAD2D550A6D005A44F3 /* PBXTargetDependency */ = {
			isa = PBXTargetDependency;
			productRef = D53A5BAC2D550A6D005A44F3 /* RswiftGenerateInternalResources */;
		};
/* End PBXTargetDependency section */

/* Begin XCBuildConfiguration section */
		D53A5B8E2D550938005A44F3 /* Debug */ = {
			isa = XCBuildConfiguration;
			buildSettings = {
				ASSETCATALOG_COMPILER_APPICON_NAME = AppIcon;
				ASSETCATALOG_COMPILER_GLOBAL_ACCENT_COLOR_NAME = AccentColor;
				CODE_SIGN_STYLE = Automatic;
				CURRENT_PROJECT_VERSION = 1;
				GENERATE_INFOPLIST_FILE = YES;
				INFOPLIST_KEY_UIApplicationSupportsIndirectInputEvents = YES;
				INFOPLIST_KEY_UISupportedInterfaceOrientations_iPad = "UIInterfaceOrientationPortrait UIInterfaceOrientationPortraitUpsideDown UIInterfaceOrientationLandscapeLeft UIInterfaceOrientationLandscapeRight";
				INFOPLIST_KEY_UISupportedInterfaceOrientations_iPhone = "UIInterfaceOrientationPortrait UIInterfaceOrientationLandscapeLeft UIInterfaceOrientationLandscapeRight";
				IPHONEOS_DEPLOYMENT_TARGET = 18.0;
				LD_RUNPATH_SEARCH_PATHS = (
					"$(inherited)",
					"@executable_path/Frameworks",
				);
				MARKETING_VERSION = 1.0;
				PRODUCT_BUNDLE_IDENTIFIER = nl.mathijskadijk.StringCatalogApp;
				PRODUCT_NAME = "$(TARGET_NAME)";
				SWIFT_EMIT_LOC_STRINGS = YES;
				SWIFT_VERSION = 5.0;
				TARGETED_DEVICE_FAMILY = "1,2";
			};
			name = Debug;
		};
		D53A5B8F2D550938005A44F3 /* Release */ = {
			isa = XCBuildConfiguration;
			buildSettings = {
				ASSETCATALOG_COMPILER_APPICON_NAME = AppIcon;
				ASSETCATALOG_COMPILER_GLOBAL_ACCENT_COLOR_NAME = AccentColor;
				CODE_SIGN_STYLE = Automatic;
				CURRENT_PROJECT_VERSION = 1;
				GENERATE_INFOPLIST_FILE = YES;
				INFOPLIST_KEY_UIApplicationSupportsIndirectInputEvents = YES;
				INFOPLIST_KEY_UISupportedInterfaceOrientations_iPad = "UIInterfaceOrientationPortrait UIInterfaceOrientationPortraitUpsideDown UIInterfaceOrientationLandscapeLeft UIInterfaceOrientationLandscapeRight";
				INFOPLIST_KEY_UISupportedInterfaceOrientations_iPhone = "UIInterfaceOrientationPortrait UIInterfaceOrientationLandscapeLeft UIInterfaceOrientationLandscapeRight";
				IPHONEOS_DEPLOYMENT_TARGET = 18.0;
				LD_RUNPATH_SEARCH_PATHS = (
					"$(inherited)",
					"@executable_path/Frameworks",
				);
				MARKETING_VERSION = 1.0;
				PRODUCT_BUNDLE_IDENTIFIER = nl.mathijskadijk.StringCatalogApp;
				PRODUCT_NAME = "$(TARGET_NAME)";
				SWIFT_EMIT_LOC_STRINGS = YES;
				SWIFT_VERSION = 5.0;
				TARGETED_DEVICE_FAMILY = "1,2";
			};
			name = Release;
		};
		D53A5B902D550938005A44F3 /* Debug */ = {
			isa = XCBuildConfiguration;
			buildSettings = {
				ALWAYS_SEARCH_USER_PATHS = NO;
				ASSETCATALOG_COMPILER_GENERATE_SWIFT_ASSET_SYMBOL_EXTENSIONS = YES;
				CLANG_ANALYZER_NONNULL = YES;
				CLANG_ANALYZER_NUMBER_OBJECT_CONVERSION = YES_AGGRESSIVE;
				CLANG_CXX_LANGUAGE_STANDARD = "gnu++20";
				CLANG_ENABLE_MODULES = YES;
				CLANG_ENABLE_OBJC_ARC = YES;
				CLANG_ENABLE_OBJC_WEAK = YES;
				CLANG_WARN_BLOCK_CAPTURE_AUTORELEASING = YES;
				CLANG_WARN_BOOL_CONVERSION = YES;
				CLANG_WARN_COMMA = YES;
				CLANG_WARN_CONSTANT_CONVERSION = YES;
				CLANG_WARN_DEPRECATED_OBJC_IMPLEMENTATIONS = YES;
				CLANG_WARN_DIRECT_OBJC_ISA_USAGE = YES_ERROR;
				CLANG_WARN_DOCUMENTATION_COMMENTS = YES;
				CLANG_WARN_EMPTY_BODY = YES;
				CLANG_WARN_ENUM_CONVERSION = YES;
				CLANG_WARN_INFINITE_RECURSION = YES;
				CLANG_WARN_INT_CONVERSION = YES;
				CLANG_WARN_NON_LITERAL_NULL_CONVERSION = YES;
				CLANG_WARN_OBJC_IMPLICIT_RETAIN_SELF = YES;
				CLANG_WARN_OBJC_LITERAL_CONVERSION = YES;
				CLANG_WARN_OBJC_ROOT_CLASS = YES_ERROR;
				CLANG_WARN_QUOTED_INCLUDE_IN_FRAMEWORK_HEADER = YES;
				CLANG_WARN_RANGE_LOOP_ANALYSIS = YES;
				CLANG_WARN_STRICT_PROTOTYPES = YES;
				CLANG_WARN_SUSPICIOUS_MOVE = YES;
				CLANG_WARN_UNGUARDED_AVAILABILITY = YES_AGGRESSIVE;
				CLANG_WARN_UNREACHABLE_CODE = YES;
				CLANG_WARN__DUPLICATE_METHOD_MATCH = YES;
				COPY_PHASE_STRIP = NO;
				DEBUG_INFORMATION_FORMAT = dwarf;
				ENABLE_STRICT_OBJC_MSGSEND = YES;
				ENABLE_TESTABILITY = YES;
				ENABLE_USER_SCRIPT_SANDBOXING = YES;
				GCC_C_LANGUAGE_STANDARD = gnu17;
				GCC_DYNAMIC_NO_PIC = NO;
				GCC_NO_COMMON_BLOCKS = YES;
				GCC_OPTIMIZATION_LEVEL = 0;
				GCC_PREPROCESSOR_DEFINITIONS = (
					"DEBUG=1",
					"$(inherited)",
				);
				GCC_WARN_64_TO_32_BIT_CONVERSION = YES;
				GCC_WARN_ABOUT_RETURN_TYPE = YES_ERROR;
				GCC_WARN_UNDECLARED_SELECTOR = YES;
				GCC_WARN_UNINITIALIZED_AUTOS = YES_AGGRESSIVE;
				GCC_WARN_UNUSED_FUNCTION = YES;
				GCC_WARN_UNUSED_VARIABLE = YES;
				IPHONEOS_DEPLOYMENT_TARGET = 18.0;
				LOCALIZATION_PREFERS_STRING_CATALOGS = YES;
				MTL_ENABLE_DEBUG_INFO = INCLUDE_SOURCE;
				MTL_FAST_MATH = YES;
				ONLY_ACTIVE_ARCH = YES;
				SDKROOT = iphoneos;
				SWIFT_ACTIVE_COMPILATION_CONDITIONS = "DEBUG $(inherited)";
				SWIFT_OPTIMIZATION_LEVEL = "-Onone";
			};
			name = Debug;
		};
		D53A5B912D550938005A44F3 /* Release */ = {
			isa = XCBuildConfiguration;
			buildSettings = {
				ALWAYS_SEARCH_USER_PATHS = NO;
				ASSETCATALOG_COMPILER_GENERATE_SWIFT_ASSET_SYMBOL_EXTENSIONS = YES;
				CLANG_ANALYZER_NONNULL = YES;
				CLANG_ANALYZER_NUMBER_OBJECT_CONVERSION = YES_AGGRESSIVE;
				CLANG_CXX_LANGUAGE_STANDARD = "gnu++20";
				CLANG_ENABLE_MODULES = YES;
				CLANG_ENABLE_OBJC_ARC = YES;
				CLANG_ENABLE_OBJC_WEAK = YES;
				CLANG_WARN_BLOCK_CAPTURE_AUTORELEASING = YES;
				CLANG_WARN_BOOL_CONVERSION = YES;
				CLANG_WARN_COMMA = YES;
				CLANG_WARN_CONSTANT_CONVERSION = YES;
				CLANG_WARN_DEPRECATED_OBJC_IMPLEMENTATIONS = YES;
				CLANG_WARN_DIRECT_OBJC_ISA_USAGE = YES_ERROR;
				CLANG_WARN_DOCUMENTATION_COMMENTS = YES;
				CLANG_WARN_EMPTY_BODY = YES;
				CLANG_WARN_ENUM_CONVERSION = YES;
				CLANG_WARN_INFINITE_RECURSION = YES;
				CLANG_WARN_INT_CONVERSION = YES;
				CLANG_WARN_NON_LITERAL_NULL_CONVERSION = YES;
				CLANG_WARN_OBJC_IMPLICIT_RETAIN_SELF = YES;
				CLANG_WARN_OBJC_LITERAL_CONVERSION = YES;
				CLANG_WARN_OBJC_ROOT_CLASS = YES_ERROR;
				CLANG_WARN_QUOTED_INCLUDE_IN_FRAMEWORK_HEADER = YES;
				CLANG_WARN_RANGE_LOOP_ANALYSIS = YES;
				CLANG_WARN_STRICT_PROTOTYPES = YES;
				CLANG_WARN_SUSPICIOUS_MOVE = YES;
				CLANG_WARN_UNGUARDED_AVAILABILITY = YES_AGGRESSIVE;
				CLANG_WARN_UNREACHABLE_CODE = YES;
				CLANG_WARN__DUPLICATE_METHOD_MATCH = YES;
				COPY_PHASE_STRIP = NO;
				DEBUG_INFORMATION_FORMAT = "dwarf-with-dsym";
				ENABLE_NS_ASSERTIONS = NO;
				ENABLE_STRICT_OBJC_MSGSEND = YES;
				ENABLE_USER_SCRIPT_SANDBOXING = YES;
				GCC_C_LANGUAGE_STANDARD = gnu17;
				GCC_NO_COMMON_BLOCKS = YES;
				GCC_WARN_64_TO_32_BIT_CONVERSION = YES;
				GCC_WARN_ABOUT_RETURN_TYPE = YES_ERROR;
				GCC_WARN_UNDECLARED_SELECTOR = YES;
				GCC_WARN_UNINITIALIZED_AUTOS = YES_AGGRESSIVE;
				GCC_WARN_UNUSED_FUNCTION = YES;
				GCC_WARN_UNUSED_VARIABLE = YES;
				IPHONEOS_DEPLOYMENT_TARGET = 18.0;
				LOCALIZATION_PREFERS_STRING_CATALOGS = YES;
				MTL_ENABLE_DEBUG_INFO = NO;
				MTL_FAST_MATH = YES;
				SDKROOT = iphoneos;
				SWIFT_COMPILATION_MODE = wholemodule;
				VALIDATE_PRODUCT = YES;
			};
			name = Release;
		};
		D53A5B932D550938005A44F3 /* Debug */ = {
			isa = XCBuildConfiguration;
			buildSettings = {
				BUNDLE_LOADER = "$(TEST_HOST)";
				CODE_SIGN_STYLE = Automatic;
				CURRENT_PROJECT_VERSION = 1;
				GENERATE_INFOPLIST_FILE = YES;
				IPHONEOS_DEPLOYMENT_TARGET = 18.0;
				MARKETING_VERSION = 1.0;
				PRODUCT_BUNDLE_IDENTIFIER = nl.mathijskadijk.StringCatalogAppTests;
				PRODUCT_NAME = "$(TARGET_NAME)";
				SWIFT_EMIT_LOC_STRINGS = NO;
				SWIFT_VERSION = 5.0;
				TARGETED_DEVICE_FAMILY = "1,2";
				TEST_HOST = "$(BUILT_PRODUCTS_DIR)/StringCatalogApp.app/$(BUNDLE_EXECUTABLE_FOLDER_PATH)/StringCatalogApp";
			};
			name = Debug;
		};
		D53A5B942D550938005A44F3 /* Release */ = {
			isa = XCBuildConfiguration;
			buildSettings = {
				BUNDLE_LOADER = "$(TEST_HOST)";
				CODE_SIGN_STYLE = Automatic;
				CURRENT_PROJECT_VERSION = 1;
				GENERATE_INFOPLIST_FILE = YES;
				IPHONEOS_DEPLOYMENT_TARGET = 18.0;
				MARKETING_VERSION = 1.0;
				PRODUCT_BUNDLE_IDENTIFIER = nl.mathijskadijk.StringCatalogAppTests;
				PRODUCT_NAME = "$(TARGET_NAME)";
				SWIFT_EMIT_LOC_STRINGS = NO;
				SWIFT_VERSION = 5.0;
				TARGETED_DEVICE_FAMILY = "1,2";
				TEST_HOST = "$(BUILT_PRODUCTS_DIR)/StringCatalogApp.app/$(BUNDLE_EXECUTABLE_FOLDER_PATH)/StringCatalogApp";
			};
			name = Release;
		};
/* End XCBuildConfiguration section */

/* Begin XCConfigurationList section */
		D53A5B5F2D550936005A44F3 /* Build configuration list for PBXProject "StringCatalogApp" */ = {
			isa = XCConfigurationList;
			buildConfigurations = (
				D53A5B902D550938005A44F3 /* Debug */,
				D53A5B912D550938005A44F3 /* Release */,
			);
			defaultConfigurationIsVisible = 0;
			defaultConfigurationName = Release;
		};
		D53A5B8D2D550938005A44F3 /* Build configuration list for PBXNativeTarget "StringCatalogApp" */ = {
			isa = XCConfigurationList;
			buildConfigurations = (
				D53A5B8E2D550938005A44F3 /* Debug */,
				D53A5B8F2D550938005A44F3 /* Release */,
			);
			defaultConfigurationIsVisible = 0;
			defaultConfigurationName = Release;
		};
		D53A5B922D550938005A44F3 /* Build configuration list for PBXNativeTarget "StringCatalogAppTests" */ = {
			isa = XCConfigurationList;
			buildConfigurations = (
				D53A5B932D550938005A44F3 /* Debug */,
				D53A5B942D550938005A44F3 /* Release */,
			);
			defaultConfigurationIsVisible = 0;
			defaultConfigurationName = Release;
		};
/* End XCConfigurationList section */

/* Begin XCLocalSwiftPackageReference section */
		D53A5BB32D550AFA005A44F3 /* XCLocalSwiftPackageReference "../../../R.swift" */ = {
			isa = XCLocalSwiftPackageReference;
			relativePath = ../../../R.swift;
		};
/* End XCLocalSwiftPackageReference section */

/* Begin XCSwiftPackageProductDependency section */
		D53A5BAC2D550A6D005A44F3 /* RswiftGenerateInternalResources */ = {
			isa = XCSwiftPackageProductDependency;
			productName = "plugin:RswiftGenerateInternalResources";
		};
		D53A5BB42D550AFA005A44F3 /* RswiftLibrary */ = {
			isa = XCSwiftPackageProductDependency;
			productName = RswiftLibrary;
		};
/* End XCSwiftPackageProductDependency section */
	};
	rootObject = D53A5B5C2D550936005A44F3 /* Project object */;
}
